// !$*UTF8*$!
{
	archiveVersion = 1;
	classes = {
	};
	objectVersion = 56;
	objects = {

/* Begin PBXBuildFile section */
		6D3711EA2B4C10EE00239114 /* PokemonListRepositoryTests.swift in Sources */ = {isa = PBXBuildFile; fileRef = 6D3711E92B4C10EE00239114 /* PokemonListRepositoryTests.swift */; };
		6D3711EC2B4C121700239114 /* APIPokemonListDataSourceStub.swift in Sources */ = {isa = PBXBuildFile; fileRef = 6D3711EB2B4C121700239114 /* APIPokemonListDataSourceStub.swift */; };
		6D3711EE2B4C21C800239114 /* SinglePokemonRepositoryTests.swift in Sources */ = {isa = PBXBuildFile; fileRef = 6D3711ED2B4C21C800239114 /* SinglePokemonRepositoryTests.swift */; };
		6D3711F02B4C223A00239114 /* APISinglePokemonDataSourceStub.swift in Sources */ = {isa = PBXBuildFile; fileRef = 6D3711EF2B4C223A00239114 /* APISinglePokemonDataSourceStub.swift */; };
		6D3711F22B4C241700239114 /* SingleLocationRepositoryTests.swift in Sources */ = {isa = PBXBuildFile; fileRef = 6D3711F12B4C241700239114 /* SingleLocationRepositoryTests.swift */; };
		6D3711F42B4C255300239114 /* APISingleLocationDataSourceStub.swift in Sources */ = {isa = PBXBuildFile; fileRef = 6D3711F32B4C255300239114 /* APISingleLocationDataSourceStub.swift */; };
		6D3711F62B4C282A00239114 /* LocationAreaRepositoryTests.swift in Sources */ = {isa = PBXBuildFile; fileRef = 6D3711F52B4C282A00239114 /* LocationAreaRepositoryTests.swift */; };
		6D3711F82B4C28E800239114 /* APILocationAreaDataSourceStub.swift in Sources */ = {isa = PBXBuildFile; fileRef = 6D3711F72B4C28E800239114 /* APILocationAreaDataSourceStub.swift */; };
		6D3712002B4C2D3100239114 /* PokeAPIListPokemonsUITests.swift in Sources */ = {isa = PBXBuildFile; fileRef = 6D3711FF2B4C2D3100239114 /* PokeAPIListPokemonsUITests.swift */; };
		6D3712022B4C2D3100239114 /* PokeAPIListPokemonsUITestsLaunchTests.swift in Sources */ = {isa = PBXBuildFile; fileRef = 6D3712012B4C2D3100239114 /* PokeAPIListPokemonsUITestsLaunchTests.swift */; };
		6D542F712B50679D00B58BC8 /* CustomLoadingView.swift in Sources */ = {isa = PBXBuildFile; fileRef = 6D542F702B50679D00B58BC8 /* CustomLoadingView.swift */; };
		6D542F742B50691F00B58BC8 /* PokemonListData.swift in Sources */ = {isa = PBXBuildFile; fileRef = 6D542F732B50691F00B58BC8 /* PokemonListData.swift */; };
		6D542F762B50693000B58BC8 /* SwiftDataPokemonListContainerType.swift in Sources */ = {isa = PBXBuildFile; fileRef = 6D542F752B50693000B58BC8 /* SwiftDataPokemonListContainerType.swift */; };
		6D542F782B50693F00B58BC8 /* SwiftDataPokemonListContainer.swift in Sources */ = {isa = PBXBuildFile; fileRef = 6D542F772B50693F00B58BC8 /* SwiftDataPokemonListContainer.swift */; };
		6D542F7A2B50695D00B58BC8 /* SwiftDataPokemonListDomainMapper.swift in Sources */ = {isa = PBXBuildFile; fileRef = 6D542F792B50695D00B58BC8 /* SwiftDataPokemonListDomainMapper.swift */; };
		6D542F7C2B50696F00B58BC8 /* SwiftDataCachePokemonListDataSource.swift in Sources */ = {isa = PBXBuildFile; fileRef = 6D542F7B2B50696F00B58BC8 /* SwiftDataCachePokemonListDataSource.swift */; };
		6D542F7F2B50699E00B58BC8 /* CachePokemonListDataSourceType.swift in Sources */ = {isa = PBXBuildFile; fileRef = 6D542F7E2B50699E00B58BC8 /* CachePokemonListDataSourceType.swift */; };
		6D765B862B4AD2E4007769C1 /* GetSingleLocation.swift in Sources */ = {isa = PBXBuildFile; fileRef = 6D765B852B4AD2E4007769C1 /* GetSingleLocation.swift */; };
		6D765B882B4AD34F007769C1 /* GetSingleLocationType.swift in Sources */ = {isa = PBXBuildFile; fileRef = 6D765B872B4AD34F007769C1 /* GetSingleLocationType.swift */; };
		6D765B8A2B4AD36D007769C1 /* SingleLocationRepositoryType.swift in Sources */ = {isa = PBXBuildFile; fileRef = 6D765B892B4AD36D007769C1 /* SingleLocationRepositoryType.swift */; };
		6D765B8C2B4AD3AA007769C1 /* SingleLocationInfo.swift in Sources */ = {isa = PBXBuildFile; fileRef = 6D765B8B2B4AD3AA007769C1 /* SingleLocationInfo.swift */; };
		6D765B8E2B4AD3F1007769C1 /* SingleLocationRepository.swift in Sources */ = {isa = PBXBuildFile; fileRef = 6D765B8D2B4AD3F1007769C1 /* SingleLocationRepository.swift */; };
		6D765B902B4AD454007769C1 /* APISingleLocationDataSourceType.swift in Sources */ = {isa = PBXBuildFile; fileRef = 6D765B8F2B4AD454007769C1 /* APISingleLocationDataSourceType.swift */; };
		6D765B922B4AD47D007769C1 /* LocationListInfoDTO.swift in Sources */ = {isa = PBXBuildFile; fileRef = 6D765B912B4AD47D007769C1 /* LocationListInfoDTO.swift */; };
		6D765B942B4AD4CE007769C1 /* APISingleLocationDataSource.swift in Sources */ = {isa = PBXBuildFile; fileRef = 6D765B932B4AD4CE007769C1 /* APISingleLocationDataSource.swift */; };
		6D765B982B4B16BB007769C1 /* GetLocationArea.swift in Sources */ = {isa = PBXBuildFile; fileRef = 6D765B972B4B16BB007769C1 /* GetLocationArea.swift */; };
		6D765BA32B4B17BC007769C1 /* LocationAreaInfo.swift in Sources */ = {isa = PBXBuildFile; fileRef = 6D765BA22B4B17BC007769C1 /* LocationAreaInfo.swift */; };
		6D765BA52B4B17E1007769C1 /* GetLocationAreaType.swift in Sources */ = {isa = PBXBuildFile; fileRef = 6D765BA42B4B17E1007769C1 /* GetLocationAreaType.swift */; };
		6D765BA72B4B17F4007769C1 /* LocationAreaRepositoryType.swift in Sources */ = {isa = PBXBuildFile; fileRef = 6D765BA62B4B17F4007769C1 /* LocationAreaRepositoryType.swift */; };
		6D765BAC2B4B1887007769C1 /* LocationAreaDTO.swift in Sources */ = {isa = PBXBuildFile; fileRef = 6D765BAB2B4B1887007769C1 /* LocationAreaDTO.swift */; };
		6D765BB12B4B18E1007769C1 /* LocationAreaRepository.swift in Sources */ = {isa = PBXBuildFile; fileRef = 6D765BB02B4B18E1007769C1 /* LocationAreaRepository.swift */; };
		6D765BB62B4B1970007769C1 /* APILocationAreaDataSourceType.swift in Sources */ = {isa = PBXBuildFile; fileRef = 6D765BB52B4B1970007769C1 /* APILocationAreaDataSourceType.swift */; };
		6D765BB82B4B1975007769C1 /* APILocationAreaDataSource.swift in Sources */ = {isa = PBXBuildFile; fileRef = 6D765BB72B4B1975007769C1 /* APILocationAreaDataSource.swift */; };
		6D765BBA2B4B26E7007769C1 /* CreateLocationAreaView.swift in Sources */ = {isa = PBXBuildFile; fileRef = 6D765BB92B4B26E7007769C1 /* CreateLocationAreaView.swift */; };
		6D765BBC2B4B2703007769C1 /* LocationAreaView.swift in Sources */ = {isa = PBXBuildFile; fileRef = 6D765BBB2B4B2703007769C1 /* LocationAreaView.swift */; };
		6D765BBE2B4B28B2007769C1 /* LocationAreaFactory.swift in Sources */ = {isa = PBXBuildFile; fileRef = 6D765BBD2B4B28B2007769C1 /* LocationAreaFactory.swift */; };
		6D765BC02B4B298D007769C1 /* LocationAreaViewModel.swift in Sources */ = {isa = PBXBuildFile; fileRef = 6D765BBF2B4B298D007769C1 /* LocationAreaViewModel.swift */; };
		6D765BC82B4BBBE9007769C1 /* PokeAPITests.swift in Sources */ = {isa = PBXBuildFile; fileRef = 6D765BC72B4BBBE9007769C1 /* PokeAPITests.swift */; };
		6D765BD12B4BBC32007769C1 /* Constants.swift in Sources */ = {isa = PBXBuildFile; fileRef = 6D765BD02B4BBC32007769C1 /* Constants.swift */; };
		6D765BD32B4BBCCE007769C1 /* GetPokemonListTests.swift in Sources */ = {isa = PBXBuildFile; fileRef = 6D765BD22B4BBCCE007769C1 /* GetPokemonListTests.swift */; };
		6D765BD52B4BBE79007769C1 /* PokemonListRepositoryStub.swift in Sources */ = {isa = PBXBuildFile; fileRef = 6D765BD42B4BBE79007769C1 /* PokemonListRepositoryStub.swift */; };
		6D765BD72B4BC00D007769C1 /* Equatable.swift in Sources */ = {isa = PBXBuildFile; fileRef = 6D765BD62B4BC00D007769C1 /* Equatable.swift */; };
		6D765BDA2B4BC178007769C1 /* GetSinglePokemonTests.swift in Sources */ = {isa = PBXBuildFile; fileRef = 6D765BD92B4BC178007769C1 /* GetSinglePokemonTests.swift */; };
		6D765BDD2B4BC214007769C1 /* SinglePokemonRepositoryStub.swift in Sources */ = {isa = PBXBuildFile; fileRef = 6D765BDC2B4BC214007769C1 /* SinglePokemonRepositoryStub.swift */; };
		6D765BE02B4BC867007769C1 /* GetSingleLocationTests.swift in Sources */ = {isa = PBXBuildFile; fileRef = 6D765BDF2B4BC867007769C1 /* GetSingleLocationTests.swift */; };
		6D765BE32B4BC94F007769C1 /* SingleLocationRepositoryStub.swift in Sources */ = {isa = PBXBuildFile; fileRef = 6D765BE22B4BC94F007769C1 /* SingleLocationRepositoryStub.swift */; };
		6D765BE62B4BCA8A007769C1 /* GetLocationAreaTests.swift in Sources */ = {isa = PBXBuildFile; fileRef = 6D765BE52B4BCA8A007769C1 /* GetLocationAreaTests.swift */; };
		6D765BE92B4BCC68007769C1 /* LocationAreaRepositoryStub.swift in Sources */ = {isa = PBXBuildFile; fileRef = 6D765BE82B4BCC68007769C1 /* LocationAreaRepositoryStub.swift */; };
		6DC06A4E2B49CB2600B08FBA /* CreatePokemonDetailView.swift in Sources */ = {isa = PBXBuildFile; fileRef = 6DC06A4D2B49CB2600B08FBA /* CreatePokemonDetailView.swift */; };
		6DC06A502B49CB4400B08FBA /* PokemonDetailView.swift in Sources */ = {isa = PBXBuildFile; fileRef = 6DC06A4F2B49CB4400B08FBA /* PokemonDetailView.swift */; };
		6DC06A522B49CBAA00B08FBA /* PokemonDetailFactory.swift in Sources */ = {isa = PBXBuildFile; fileRef = 6DC06A512B49CBAA00B08FBA /* PokemonDetailFactory.swift */; };
		6DC06A542B49CC0300B08FBA /* PokemonDetailViewModel.swift in Sources */ = {isa = PBXBuildFile; fileRef = 6DC06A532B49CC0300B08FBA /* PokemonDetailViewModel.swift */; };
		6DC06A562B49D19C00B08FBA /* PokemonAbilitiesDTO.swift in Sources */ = {isa = PBXBuildFile; fileRef = 6DC06A552B49D19C00B08FBA /* PokemonAbilitiesDTO.swift */; };
		6DC06A582B49D20700B08FBA /* NameUrlDTO.swift in Sources */ = {isa = PBXBuildFile; fileRef = 6DC06A572B49D20700B08FBA /* NameUrlDTO.swift */; };
		6DC06A5C2B49D28400B08FBA /* PokemonGameIndicesDTO.swift in Sources */ = {isa = PBXBuildFile; fileRef = 6DC06A5B2B49D28400B08FBA /* PokemonGameIndicesDTO.swift */; };
		6DC06A602B49D31200B08FBA /* PokemonHeldItemsDTO.swift in Sources */ = {isa = PBXBuildFile; fileRef = 6DC06A5F2B49D31200B08FBA /* PokemonHeldItemsDTO.swift */; };
		6DC06A642B49D37200B08FBA /* PokemonHeldItemVersionDetailsDTO.swift in Sources */ = {isa = PBXBuildFile; fileRef = 6DC06A632B49D37200B08FBA /* PokemonHeldItemVersionDetailsDTO.swift */; };
		6DC06A682B49D43800B08FBA /* PokemonMovesDTO.swift in Sources */ = {isa = PBXBuildFile; fileRef = 6DC06A672B49D43800B08FBA /* PokemonMovesDTO.swift */; };
		6DC06A6C2B49D4A200B08FBA /* PokemonMoveVersionGroupDetailsDTO.swift in Sources */ = {isa = PBXBuildFile; fileRef = 6DC06A6B2B49D4A200B08FBA /* PokemonMoveVersionGroupDetailsDTO.swift */; };
		6DC06A6E2B49D70600B08FBA /* PokemonStatsDTO.swift in Sources */ = {isa = PBXBuildFile; fileRef = 6DC06A6D2B49D70600B08FBA /* PokemonStatsDTO.swift */; };
		6DC06A702B49D79400B08FBA /* PokemonTypesDTO.swift in Sources */ = {isa = PBXBuildFile; fileRef = 6DC06A6F2B49D79400B08FBA /* PokemonTypesDTO.swift */; };
		6DC06A722B49D7DA00B08FBA /* PokemonPastTypesDTO.swift in Sources */ = {isa = PBXBuildFile; fileRef = 6DC06A712B49D7DA00B08FBA /* PokemonPastTypesDTO.swift */; };
		6DC06A762B49DEDA00B08FBA /* GetSinglePokemonType.swift in Sources */ = {isa = PBXBuildFile; fileRef = 6DC06A752B49DEDA00B08FBA /* GetSinglePokemonType.swift */; };
		6DC06A782B49DF3100B08FBA /* GetSinglePokemon.swift in Sources */ = {isa = PBXBuildFile; fileRef = 6DC06A772B49DF3100B08FBA /* GetSinglePokemon.swift */; };
		6DC06A7A2B49DF7600B08FBA /* SinglePokemonRepositoryType.swift in Sources */ = {isa = PBXBuildFile; fileRef = 6DC06A792B49DF7600B08FBA /* SinglePokemonRepositoryType.swift */; };
		6DC06A7C2B49E01A00B08FBA /* SinglePokemonRepository.swift in Sources */ = {isa = PBXBuildFile; fileRef = 6DC06A7B2B49E01A00B08FBA /* SinglePokemonRepository.swift */; };
		6DC06A7E2B49E08D00B08FBA /* APISinglePokemonDataSourceType.swift in Sources */ = {isa = PBXBuildFile; fileRef = 6DC06A7D2B49E08D00B08FBA /* APISinglePokemonDataSourceType.swift */; };
		6DC06A822B49E28100B08FBA /* APISinglePokemonDataSource.swift in Sources */ = {isa = PBXBuildFile; fileRef = 6DC06A812B49E28100B08FBA /* APISinglePokemonDataSource.swift */; };
		6DC06A842B49E5B000B08FBA /* SinglePokemonInfo.swift in Sources */ = {isa = PBXBuildFile; fileRef = 6DC06A832B49E5B000B08FBA /* SinglePokemonInfo.swift */; };
		6DC26FBC2B4E9D780093C04E /* PokemonAPIListPokemonsUIErrorTests.swift in Sources */ = {isa = PBXBuildFile; fileRef = 6DC26FBB2B4E9D780093C04E /* PokemonAPIListPokemonsUIErrorTests.swift */; };
		6DC26FBE2B4E9E860093C04E /* PokeAPIDetailPokemonUITests.swift in Sources */ = {isa = PBXBuildFile; fileRef = 6DC26FBD2B4E9E860093C04E /* PokeAPIDetailPokemonUITests.swift */; };
		6DC26FC02B4EB8870093C04E /* PokeAPILocationAreaUITests.swift in Sources */ = {isa = PBXBuildFile; fileRef = 6DC26FBF2B4EB8870093C04E /* PokeAPILocationAreaUITests.swift */; };
		6DDDE15B2B4ABB4E0046DCA5 /* PokemonDetailItemView.swift in Sources */ = {isa = PBXBuildFile; fileRef = 6DDDE15A2B4ABB4E0046DCA5 /* PokemonDetailItemView.swift */; };
		6DFD39442B4732F5002006EE /* PokeAPIApp.swift in Sources */ = {isa = PBXBuildFile; fileRef = 6DFD39432B4732F5002006EE /* PokeAPIApp.swift */; };
		6DFD39462B4732F5002006EE /* ContentView.swift in Sources */ = {isa = PBXBuildFile; fileRef = 6DFD39452B4732F5002006EE /* ContentView.swift */; };
		6DFD39482B4732F5002006EE /* Assets.xcassets in Resources */ = {isa = PBXBuildFile; fileRef = 6DFD39472B4732F5002006EE /* Assets.xcassets */; };
		6DFD394B2B4732F5002006EE /* Preview Assets.xcassets in Resources */ = {isa = PBXBuildFile; fileRef = 6DFD394A2B4732F5002006EE /* Preview Assets.xcassets */; };
		6DFD39532B47331A002006EE /* Foundation+Extensions.swift in Sources */ = {isa = PBXBuildFile; fileRef = 6DFD39522B47331A002006EE /* Foundation+Extensions.swift */; };
		6DFD39652B4733BB002006EE /* URLSessionHTTPCLient.swift in Sources */ = {isa = PBXBuildFile; fileRef = 6DFD39642B4733BB002006EE /* URLSessionHTTPCLient.swift */; };
		6DFD39672B4733C9002006EE /* URLSessionErrorResolver.swift in Sources */ = {isa = PBXBuildFile; fileRef = 6DFD39662B4733C9002006EE /* URLSessionErrorResolver.swift */; };
		6DFD39692B4733D4002006EE /* URLSessionRequestMaker.swift in Sources */ = {isa = PBXBuildFile; fileRef = 6DFD39682B4733D4002006EE /* URLSessionRequestMaker.swift */; };
		6DFD396B2B4733F9002006EE /* HTTPClientError.swift in Sources */ = {isa = PBXBuildFile; fileRef = 6DFD396A2B4733F9002006EE /* HTTPClientError.swift */; };
		6DFD396D2B47340C002006EE /* Endpoint.swift in Sources */ = {isa = PBXBuildFile; fileRef = 6DFD396C2B47340C002006EE /* Endpoint.swift */; };
		6DFD396F2B473418002006EE /* HTTPMethod.swift in Sources */ = {isa = PBXBuildFile; fileRef = 6DFD396E2B473418002006EE /* HTTPMethod.swift */; };
		6DFD39712B47341F002006EE /* HTTPClient.swift in Sources */ = {isa = PBXBuildFile; fileRef = 6DFD39702B47341F002006EE /* HTTPClient.swift */; };
		6DFD39732B47346B002006EE /* PokemonDomainError.swift in Sources */ = {isa = PBXBuildFile; fileRef = 6DFD39722B47346B002006EE /* PokemonDomainError.swift */; };
		6DFD39752B473498002006EE /* PokemonDomainErrorMapper.swift in Sources */ = {isa = PBXBuildFile; fileRef = 6DFD39742B473498002006EE /* PokemonDomainErrorMapper.swift */; };
		6DFD39772B4734B7002006EE /* PokemonPresentableErrorMapper.swift in Sources */ = {isa = PBXBuildFile; fileRef = 6DFD39762B4734B7002006EE /* PokemonPresentableErrorMapper.swift */; };
		6DFD39792B4734F6002006EE /* GetPokemonList.swift in Sources */ = {isa = PBXBuildFile; fileRef = 6DFD39782B4734F6002006EE /* GetPokemonList.swift */; };
		6DFD397B2B4734FF002006EE /* GetPokemonListType.swift in Sources */ = {isa = PBXBuildFile; fileRef = 6DFD397A2B4734FF002006EE /* GetPokemonListType.swift */; };
		6DFD397D2B473514002006EE /* PokemonListRepositoryType.swift in Sources */ = {isa = PBXBuildFile; fileRef = 6DFD397C2B473514002006EE /* PokemonListRepositoryType.swift */; };
		6DFD397F2B473526002006EE /* PokemonListRepository.swift in Sources */ = {isa = PBXBuildFile; fileRef = 6DFD397E2B473526002006EE /* PokemonListRepository.swift */; };
		6DFD39812B473540002006EE /* APIPokemonListDataSourceType.swift in Sources */ = {isa = PBXBuildFile; fileRef = 6DFD39802B473540002006EE /* APIPokemonListDataSourceType.swift */; };
		6DFD39832B473548002006EE /* APIPokemonListDataSource.swift in Sources */ = {isa = PBXBuildFile; fileRef = 6DFD39822B473548002006EE /* APIPokemonListDataSource.swift */; };
		6DFD39852B473561002006EE /* PokemonListViewModel.swift in Sources */ = {isa = PBXBuildFile; fileRef = 6DFD39842B473561002006EE /* PokemonListViewModel.swift */; };
		6DFD39872B47356A002006EE /* PokemonListView.swift in Sources */ = {isa = PBXBuildFile; fileRef = 6DFD39862B47356A002006EE /* PokemonListView.swift */; };
		6DFD39892B473577002006EE /* PokemonListFactory.swift in Sources */ = {isa = PBXBuildFile; fileRef = 6DFD39882B473577002006EE /* PokemonListFactory.swift */; };
		6DFD398B2B473897002006EE /* PokemonListResponseDTO.swift in Sources */ = {isa = PBXBuildFile; fileRef = 6DFD398A2B473897002006EE /* PokemonListResponseDTO.swift */; };
		6DFD398D2B4738E4002006EE /* PokemonListResponse.swift in Sources */ = {isa = PBXBuildFile; fileRef = 6DFD398C2B4738E4002006EE /* PokemonListResponse.swift */; };
		6DFD398F2B47C1DE002006EE /* PokemonListDomainMapper.swift in Sources */ = {isa = PBXBuildFile; fileRef = 6DFD398E2B47C1DE002006EE /* PokemonListDomainMapper.swift */; };
		6DFD39932B47C3EC002006EE /* PokemonEntry.swift in Sources */ = {isa = PBXBuildFile; fileRef = 6DFD39922B47C3EC002006EE /* PokemonEntry.swift */; };
		6DFD39952B47CAB2002006EE /* PokemonListInfoResponse.swift in Sources */ = {isa = PBXBuildFile; fileRef = 6DFD39942B47CAB2002006EE /* PokemonListInfoResponse.swift */; };
		6DFD39972B47CB0B002006EE /* PokemonListInfoResponseDTO.swift in Sources */ = {isa = PBXBuildFile; fileRef = 6DFD39962B47CB0B002006EE /* PokemonListInfoResponseDTO.swift */; };
		6DFD39992B47CB41002006EE /* PokemonListInfo.swift in Sources */ = {isa = PBXBuildFile; fileRef = 6DFD39982B47CB41002006EE /* PokemonListInfo.swift */; };
		6DFD399B2B47CB6A002006EE /* PokemonListInfoDTO.swift in Sources */ = {isa = PBXBuildFile; fileRef = 6DFD399A2B47CB6A002006EE /* PokemonListInfoDTO.swift */; };
		6DFD399D2B47D3B5002006EE /* PokemonListPresentableItem.swift in Sources */ = {isa = PBXBuildFile; fileRef = 6DFD399C2B47D3B5002006EE /* PokemonListPresentableItem.swift */; };
		6DFD399F2B47D49F002006EE /* PokemonSpritesDTO.swift in Sources */ = {isa = PBXBuildFile; fileRef = 6DFD399E2B47D49F002006EE /* PokemonSpritesDTO.swift */; };
/* End PBXBuildFile section */

/* Begin PBXContainerItemProxy section */
		6D3712032B4C2D3100239114 /* PBXContainerItemProxy */ = {
			isa = PBXContainerItemProxy;
			containerPortal = 6DFD39382B4732F5002006EE /* Project object */;
			proxyType = 1;
			remoteGlobalIDString = 6DFD393F2B4732F5002006EE;
			remoteInfo = PokeAPI;
		};
		6D765BC92B4BBBE9007769C1 /* PBXContainerItemProxy */ = {
			isa = PBXContainerItemProxy;
			containerPortal = 6DFD39382B4732F5002006EE /* Project object */;
			proxyType = 1;
			remoteGlobalIDString = 6DFD393F2B4732F5002006EE;
			remoteInfo = PokeAPI;
		};
/* End PBXContainerItemProxy section */

/* Begin PBXFileReference section */
		6D3711E92B4C10EE00239114 /* PokemonListRepositoryTests.swift */ = {isa = PBXFileReference; lastKnownFileType = sourcecode.swift; path = PokemonListRepositoryTests.swift; sourceTree = "<group>"; };
		6D3711EB2B4C121700239114 /* APIPokemonListDataSourceStub.swift */ = {isa = PBXFileReference; lastKnownFileType = sourcecode.swift; path = APIPokemonListDataSourceStub.swift; sourceTree = "<group>"; };
		6D3711ED2B4C21C800239114 /* SinglePokemonRepositoryTests.swift */ = {isa = PBXFileReference; lastKnownFileType = sourcecode.swift; path = SinglePokemonRepositoryTests.swift; sourceTree = "<group>"; };
		6D3711EF2B4C223A00239114 /* APISinglePokemonDataSourceStub.swift */ = {isa = PBXFileReference; lastKnownFileType = sourcecode.swift; path = APISinglePokemonDataSourceStub.swift; sourceTree = "<group>"; };
		6D3711F12B4C241700239114 /* SingleLocationRepositoryTests.swift */ = {isa = PBXFileReference; lastKnownFileType = sourcecode.swift; path = SingleLocationRepositoryTests.swift; sourceTree = "<group>"; };
		6D3711F32B4C255300239114 /* APISingleLocationDataSourceStub.swift */ = {isa = PBXFileReference; lastKnownFileType = sourcecode.swift; path = APISingleLocationDataSourceStub.swift; sourceTree = "<group>"; };
		6D3711F52B4C282A00239114 /* LocationAreaRepositoryTests.swift */ = {isa = PBXFileReference; lastKnownFileType = sourcecode.swift; path = LocationAreaRepositoryTests.swift; sourceTree = "<group>"; };
		6D3711F72B4C28E800239114 /* APILocationAreaDataSourceStub.swift */ = {isa = PBXFileReference; lastKnownFileType = sourcecode.swift; path = APILocationAreaDataSourceStub.swift; sourceTree = "<group>"; };
		6D3711FD2B4C2D3100239114 /* PokeAPIUITests.xctest */ = {isa = PBXFileReference; explicitFileType = wrapper.cfbundle; includeInIndex = 0; path = PokeAPIUITests.xctest; sourceTree = BUILT_PRODUCTS_DIR; };
		6D3711FF2B4C2D3100239114 /* PokeAPIListPokemonsUITests.swift */ = {isa = PBXFileReference; lastKnownFileType = sourcecode.swift; path = PokeAPIListPokemonsUITests.swift; sourceTree = "<group>"; };
		6D3712012B4C2D3100239114 /* PokeAPIListPokemonsUITestsLaunchTests.swift */ = {isa = PBXFileReference; lastKnownFileType = sourcecode.swift; path = PokeAPIListPokemonsUITestsLaunchTests.swift; sourceTree = "<group>"; };
		6D542F702B50679D00B58BC8 /* CustomLoadingView.swift */ = {isa = PBXFileReference; lastKnownFileType = sourcecode.swift; path = CustomLoadingView.swift; sourceTree = "<group>"; };
		6D542F732B50691F00B58BC8 /* PokemonListData.swift */ = {isa = PBXFileReference; lastKnownFileType = sourcecode.swift; path = PokemonListData.swift; sourceTree = "<group>"; };
		6D542F752B50693000B58BC8 /* SwiftDataPokemonListContainerType.swift */ = {isa = PBXFileReference; lastKnownFileType = sourcecode.swift; path = SwiftDataPokemonListContainerType.swift; sourceTree = "<group>"; };
		6D542F772B50693F00B58BC8 /* SwiftDataPokemonListContainer.swift */ = {isa = PBXFileReference; lastKnownFileType = sourcecode.swift; path = SwiftDataPokemonListContainer.swift; sourceTree = "<group>"; };
		6D542F792B50695D00B58BC8 /* SwiftDataPokemonListDomainMapper.swift */ = {isa = PBXFileReference; lastKnownFileType = sourcecode.swift; path = SwiftDataPokemonListDomainMapper.swift; sourceTree = "<group>"; };
		6D542F7B2B50696F00B58BC8 /* SwiftDataCachePokemonListDataSource.swift */ = {isa = PBXFileReference; lastKnownFileType = sourcecode.swift; path = SwiftDataCachePokemonListDataSource.swift; sourceTree = "<group>"; };
		6D542F7E2B50699E00B58BC8 /* CachePokemonListDataSourceType.swift */ = {isa = PBXFileReference; lastKnownFileType = sourcecode.swift; path = CachePokemonListDataSourceType.swift; sourceTree = "<group>"; };
		6D765B852B4AD2E4007769C1 /* GetSingleLocation.swift */ = {isa = PBXFileReference; lastKnownFileType = sourcecode.swift; path = GetSingleLocation.swift; sourceTree = "<group>"; };
		6D765B872B4AD34F007769C1 /* GetSingleLocationType.swift */ = {isa = PBXFileReference; lastKnownFileType = sourcecode.swift; path = GetSingleLocationType.swift; sourceTree = "<group>"; };
		6D765B892B4AD36D007769C1 /* SingleLocationRepositoryType.swift */ = {isa = PBXFileReference; lastKnownFileType = sourcecode.swift; path = SingleLocationRepositoryType.swift; sourceTree = "<group>"; };
		6D765B8B2B4AD3AA007769C1 /* SingleLocationInfo.swift */ = {isa = PBXFileReference; lastKnownFileType = sourcecode.swift; path = SingleLocationInfo.swift; sourceTree = "<group>"; };
		6D765B8D2B4AD3F1007769C1 /* SingleLocationRepository.swift */ = {isa = PBXFileReference; lastKnownFileType = sourcecode.swift; path = SingleLocationRepository.swift; sourceTree = "<group>"; };
		6D765B8F2B4AD454007769C1 /* APISingleLocationDataSourceType.swift */ = {isa = PBXFileReference; lastKnownFileType = sourcecode.swift; path = APISingleLocationDataSourceType.swift; sourceTree = "<group>"; };
		6D765B912B4AD47D007769C1 /* LocationListInfoDTO.swift */ = {isa = PBXFileReference; lastKnownFileType = sourcecode.swift; path = LocationListInfoDTO.swift; sourceTree = "<group>"; };
		6D765B932B4AD4CE007769C1 /* APISingleLocationDataSource.swift */ = {isa = PBXFileReference; lastKnownFileType = sourcecode.swift; path = APISingleLocationDataSource.swift; sourceTree = "<group>"; };
		6D765B972B4B16BB007769C1 /* GetLocationArea.swift */ = {isa = PBXFileReference; lastKnownFileType = sourcecode.swift; path = GetLocationArea.swift; sourceTree = "<group>"; };
		6D765BA22B4B17BC007769C1 /* LocationAreaInfo.swift */ = {isa = PBXFileReference; lastKnownFileType = sourcecode.swift; path = LocationAreaInfo.swift; sourceTree = "<group>"; };
		6D765BA42B4B17E1007769C1 /* GetLocationAreaType.swift */ = {isa = PBXFileReference; lastKnownFileType = sourcecode.swift; path = GetLocationAreaType.swift; sourceTree = "<group>"; };
		6D765BA62B4B17F4007769C1 /* LocationAreaRepositoryType.swift */ = {isa = PBXFileReference; lastKnownFileType = sourcecode.swift; path = LocationAreaRepositoryType.swift; sourceTree = "<group>"; };
		6D765BAB2B4B1887007769C1 /* LocationAreaDTO.swift */ = {isa = PBXFileReference; lastKnownFileType = sourcecode.swift; path = LocationAreaDTO.swift; sourceTree = "<group>"; };
		6D765BB02B4B18E1007769C1 /* LocationAreaRepository.swift */ = {isa = PBXFileReference; lastKnownFileType = sourcecode.swift; path = LocationAreaRepository.swift; sourceTree = "<group>"; };
		6D765BB52B4B1970007769C1 /* APILocationAreaDataSourceType.swift */ = {isa = PBXFileReference; lastKnownFileType = sourcecode.swift; path = APILocationAreaDataSourceType.swift; sourceTree = "<group>"; };
		6D765BB72B4B1975007769C1 /* APILocationAreaDataSource.swift */ = {isa = PBXFileReference; lastKnownFileType = sourcecode.swift; path = APILocationAreaDataSource.swift; sourceTree = "<group>"; };
		6D765BB92B4B26E7007769C1 /* CreateLocationAreaView.swift */ = {isa = PBXFileReference; lastKnownFileType = sourcecode.swift; path = CreateLocationAreaView.swift; sourceTree = "<group>"; };
		6D765BBB2B4B2703007769C1 /* LocationAreaView.swift */ = {isa = PBXFileReference; lastKnownFileType = sourcecode.swift; path = LocationAreaView.swift; sourceTree = "<group>"; };
		6D765BBD2B4B28B2007769C1 /* LocationAreaFactory.swift */ = {isa = PBXFileReference; lastKnownFileType = sourcecode.swift; path = LocationAreaFactory.swift; sourceTree = "<group>"; };
		6D765BBF2B4B298D007769C1 /* LocationAreaViewModel.swift */ = {isa = PBXFileReference; lastKnownFileType = sourcecode.swift; path = LocationAreaViewModel.swift; sourceTree = "<group>"; };
		6D765BC52B4BBBE9007769C1 /* PokeAPITests.xctest */ = {isa = PBXFileReference; explicitFileType = wrapper.cfbundle; includeInIndex = 0; path = PokeAPITests.xctest; sourceTree = BUILT_PRODUCTS_DIR; };
		6D765BC72B4BBBE9007769C1 /* PokeAPITests.swift */ = {isa = PBXFileReference; lastKnownFileType = sourcecode.swift; path = PokeAPITests.swift; sourceTree = "<group>"; };
		6D765BD02B4BBC32007769C1 /* Constants.swift */ = {isa = PBXFileReference; lastKnownFileType = sourcecode.swift; path = Constants.swift; sourceTree = "<group>"; };
		6D765BD22B4BBCCE007769C1 /* GetPokemonListTests.swift */ = {isa = PBXFileReference; lastKnownFileType = sourcecode.swift; path = GetPokemonListTests.swift; sourceTree = "<group>"; };
		6D765BD42B4BBE79007769C1 /* PokemonListRepositoryStub.swift */ = {isa = PBXFileReference; lastKnownFileType = sourcecode.swift; path = PokemonListRepositoryStub.swift; sourceTree = "<group>"; };
		6D765BD62B4BC00D007769C1 /* Equatable.swift */ = {isa = PBXFileReference; lastKnownFileType = sourcecode.swift; path = Equatable.swift; sourceTree = "<group>"; };
		6D765BD92B4BC178007769C1 /* GetSinglePokemonTests.swift */ = {isa = PBXFileReference; lastKnownFileType = sourcecode.swift; path = GetSinglePokemonTests.swift; sourceTree = "<group>"; };
		6D765BDC2B4BC214007769C1 /* SinglePokemonRepositoryStub.swift */ = {isa = PBXFileReference; lastKnownFileType = sourcecode.swift; path = SinglePokemonRepositoryStub.swift; sourceTree = "<group>"; };
		6D765BDF2B4BC867007769C1 /* GetSingleLocationTests.swift */ = {isa = PBXFileReference; lastKnownFileType = sourcecode.swift; path = GetSingleLocationTests.swift; sourceTree = "<group>"; };
		6D765BE22B4BC94F007769C1 /* SingleLocationRepositoryStub.swift */ = {isa = PBXFileReference; lastKnownFileType = sourcecode.swift; path = SingleLocationRepositoryStub.swift; sourceTree = "<group>"; };
		6D765BE52B4BCA8A007769C1 /* GetLocationAreaTests.swift */ = {isa = PBXFileReference; lastKnownFileType = sourcecode.swift; path = GetLocationAreaTests.swift; sourceTree = "<group>"; };
		6D765BE82B4BCC68007769C1 /* LocationAreaRepositoryStub.swift */ = {isa = PBXFileReference; lastKnownFileType = sourcecode.swift; path = LocationAreaRepositoryStub.swift; sourceTree = "<group>"; };
		6DC06A4D2B49CB2600B08FBA /* CreatePokemonDetailView.swift */ = {isa = PBXFileReference; lastKnownFileType = sourcecode.swift; path = CreatePokemonDetailView.swift; sourceTree = "<group>"; };
		6DC06A4F2B49CB4400B08FBA /* PokemonDetailView.swift */ = {isa = PBXFileReference; lastKnownFileType = sourcecode.swift; path = PokemonDetailView.swift; sourceTree = "<group>"; };
		6DC06A512B49CBAA00B08FBA /* PokemonDetailFactory.swift */ = {isa = PBXFileReference; lastKnownFileType = sourcecode.swift; path = PokemonDetailFactory.swift; sourceTree = "<group>"; };
		6DC06A532B49CC0300B08FBA /* PokemonDetailViewModel.swift */ = {isa = PBXFileReference; lastKnownFileType = sourcecode.swift; path = PokemonDetailViewModel.swift; sourceTree = "<group>"; };
		6DC06A552B49D19C00B08FBA /* PokemonAbilitiesDTO.swift */ = {isa = PBXFileReference; lastKnownFileType = sourcecode.swift; path = PokemonAbilitiesDTO.swift; sourceTree = "<group>"; };
		6DC06A572B49D20700B08FBA /* NameUrlDTO.swift */ = {isa = PBXFileReference; lastKnownFileType = sourcecode.swift; path = NameUrlDTO.swift; sourceTree = "<group>"; };
		6DC06A5B2B49D28400B08FBA /* PokemonGameIndicesDTO.swift */ = {isa = PBXFileReference; lastKnownFileType = sourcecode.swift; path = PokemonGameIndicesDTO.swift; sourceTree = "<group>"; };
		6DC06A5F2B49D31200B08FBA /* PokemonHeldItemsDTO.swift */ = {isa = PBXFileReference; lastKnownFileType = sourcecode.swift; path = PokemonHeldItemsDTO.swift; sourceTree = "<group>"; };
		6DC06A632B49D37200B08FBA /* PokemonHeldItemVersionDetailsDTO.swift */ = {isa = PBXFileReference; lastKnownFileType = sourcecode.swift; path = PokemonHeldItemVersionDetailsDTO.swift; sourceTree = "<group>"; };
		6DC06A672B49D43800B08FBA /* PokemonMovesDTO.swift */ = {isa = PBXFileReference; lastKnownFileType = sourcecode.swift; path = PokemonMovesDTO.swift; sourceTree = "<group>"; };
		6DC06A6B2B49D4A200B08FBA /* PokemonMoveVersionGroupDetailsDTO.swift */ = {isa = PBXFileReference; lastKnownFileType = sourcecode.swift; path = PokemonMoveVersionGroupDetailsDTO.swift; sourceTree = "<group>"; };
		6DC06A6D2B49D70600B08FBA /* PokemonStatsDTO.swift */ = {isa = PBXFileReference; lastKnownFileType = sourcecode.swift; path = PokemonStatsDTO.swift; sourceTree = "<group>"; };
		6DC06A6F2B49D79400B08FBA /* PokemonTypesDTO.swift */ = {isa = PBXFileReference; lastKnownFileType = sourcecode.swift; path = PokemonTypesDTO.swift; sourceTree = "<group>"; };
		6DC06A712B49D7DA00B08FBA /* PokemonPastTypesDTO.swift */ = {isa = PBXFileReference; lastKnownFileType = sourcecode.swift; path = PokemonPastTypesDTO.swift; sourceTree = "<group>"; };
		6DC06A752B49DEDA00B08FBA /* GetSinglePokemonType.swift */ = {isa = PBXFileReference; lastKnownFileType = sourcecode.swift; path = GetSinglePokemonType.swift; sourceTree = "<group>"; };
		6DC06A772B49DF3100B08FBA /* GetSinglePokemon.swift */ = {isa = PBXFileReference; lastKnownFileType = sourcecode.swift; path = GetSinglePokemon.swift; sourceTree = "<group>"; };
		6DC06A792B49DF7600B08FBA /* SinglePokemonRepositoryType.swift */ = {isa = PBXFileReference; lastKnownFileType = sourcecode.swift; path = SinglePokemonRepositoryType.swift; sourceTree = "<group>"; };
		6DC06A7B2B49E01A00B08FBA /* SinglePokemonRepository.swift */ = {isa = PBXFileReference; lastKnownFileType = sourcecode.swift; path = SinglePokemonRepository.swift; sourceTree = "<group>"; };
		6DC06A7D2B49E08D00B08FBA /* APISinglePokemonDataSourceType.swift */ = {isa = PBXFileReference; lastKnownFileType = sourcecode.swift; path = APISinglePokemonDataSourceType.swift; sourceTree = "<group>"; };
		6DC06A812B49E28100B08FBA /* APISinglePokemonDataSource.swift */ = {isa = PBXFileReference; lastKnownFileType = sourcecode.swift; path = APISinglePokemonDataSource.swift; sourceTree = "<group>"; };
		6DC06A832B49E5B000B08FBA /* SinglePokemonInfo.swift */ = {isa = PBXFileReference; lastKnownFileType = sourcecode.swift; path = SinglePokemonInfo.swift; sourceTree = "<group>"; };
		6DC26FBB2B4E9D780093C04E /* PokemonAPIListPokemonsUIErrorTests.swift */ = {isa = PBXFileReference; lastKnownFileType = sourcecode.swift; path = PokemonAPIListPokemonsUIErrorTests.swift; sourceTree = "<group>"; };
		6DC26FBD2B4E9E860093C04E /* PokeAPIDetailPokemonUITests.swift */ = {isa = PBXFileReference; lastKnownFileType = sourcecode.swift; path = PokeAPIDetailPokemonUITests.swift; sourceTree = "<group>"; };
		6DC26FBF2B4EB8870093C04E /* PokeAPILocationAreaUITests.swift */ = {isa = PBXFileReference; lastKnownFileType = sourcecode.swift; path = PokeAPILocationAreaUITests.swift; sourceTree = "<group>"; };
		6DDDE15A2B4ABB4E0046DCA5 /* PokemonDetailItemView.swift */ = {isa = PBXFileReference; lastKnownFileType = sourcecode.swift; path = PokemonDetailItemView.swift; sourceTree = "<group>"; };
		6DFD39402B4732F5002006EE /* PokeAPI.app */ = {isa = PBXFileReference; explicitFileType = wrapper.application; includeInIndex = 0; path = PokeAPI.app; sourceTree = BUILT_PRODUCTS_DIR; };
		6DFD39432B4732F5002006EE /* PokeAPIApp.swift */ = {isa = PBXFileReference; lastKnownFileType = sourcecode.swift; path = PokeAPIApp.swift; sourceTree = "<group>"; };
		6DFD39452B4732F5002006EE /* ContentView.swift */ = {isa = PBXFileReference; lastKnownFileType = sourcecode.swift; path = ContentView.swift; sourceTree = "<group>"; };
		6DFD39472B4732F5002006EE /* Assets.xcassets */ = {isa = PBXFileReference; lastKnownFileType = folder.assetcatalog; path = Assets.xcassets; sourceTree = "<group>"; };
		6DFD394A2B4732F5002006EE /* Preview Assets.xcassets */ = {isa = PBXFileReference; lastKnownFileType = folder.assetcatalog; path = "Preview Assets.xcassets"; sourceTree = "<group>"; };
		6DFD39522B47331A002006EE /* Foundation+Extensions.swift */ = {isa = PBXFileReference; lastKnownFileType = sourcecode.swift; path = "Foundation+Extensions.swift"; sourceTree = "<group>"; };
		6DFD39642B4733BB002006EE /* URLSessionHTTPCLient.swift */ = {isa = PBXFileReference; lastKnownFileType = sourcecode.swift; path = URLSessionHTTPCLient.swift; sourceTree = "<group>"; };
		6DFD39662B4733C9002006EE /* URLSessionErrorResolver.swift */ = {isa = PBXFileReference; lastKnownFileType = sourcecode.swift; path = URLSessionErrorResolver.swift; sourceTree = "<group>"; };
		6DFD39682B4733D4002006EE /* URLSessionRequestMaker.swift */ = {isa = PBXFileReference; lastKnownFileType = sourcecode.swift; path = URLSessionRequestMaker.swift; sourceTree = "<group>"; };
		6DFD396A2B4733F9002006EE /* HTTPClientError.swift */ = {isa = PBXFileReference; lastKnownFileType = sourcecode.swift; path = HTTPClientError.swift; sourceTree = "<group>"; };
		6DFD396C2B47340C002006EE /* Endpoint.swift */ = {isa = PBXFileReference; lastKnownFileType = sourcecode.swift; path = Endpoint.swift; sourceTree = "<group>"; };
		6DFD396E2B473418002006EE /* HTTPMethod.swift */ = {isa = PBXFileReference; lastKnownFileType = sourcecode.swift; path = HTTPMethod.swift; sourceTree = "<group>"; };
		6DFD39702B47341F002006EE /* HTTPClient.swift */ = {isa = PBXFileReference; lastKnownFileType = sourcecode.swift; path = HTTPClient.swift; sourceTree = "<group>"; };
		6DFD39722B47346B002006EE /* PokemonDomainError.swift */ = {isa = PBXFileReference; lastKnownFileType = sourcecode.swift; path = PokemonDomainError.swift; sourceTree = "<group>"; };
		6DFD39742B473498002006EE /* PokemonDomainErrorMapper.swift */ = {isa = PBXFileReference; lastKnownFileType = sourcecode.swift; path = PokemonDomainErrorMapper.swift; sourceTree = "<group>"; };
		6DFD39762B4734B7002006EE /* PokemonPresentableErrorMapper.swift */ = {isa = PBXFileReference; lastKnownFileType = sourcecode.swift; path = PokemonPresentableErrorMapper.swift; sourceTree = "<group>"; };
		6DFD39782B4734F6002006EE /* GetPokemonList.swift */ = {isa = PBXFileReference; lastKnownFileType = sourcecode.swift; path = GetPokemonList.swift; sourceTree = "<group>"; };
		6DFD397A2B4734FF002006EE /* GetPokemonListType.swift */ = {isa = PBXFileReference; lastKnownFileType = sourcecode.swift; path = GetPokemonListType.swift; sourceTree = "<group>"; };
		6DFD397C2B473514002006EE /* PokemonListRepositoryType.swift */ = {isa = PBXFileReference; lastKnownFileType = sourcecode.swift; path = PokemonListRepositoryType.swift; sourceTree = "<group>"; };
		6DFD397E2B473526002006EE /* PokemonListRepository.swift */ = {isa = PBXFileReference; lastKnownFileType = sourcecode.swift; path = PokemonListRepository.swift; sourceTree = "<group>"; };
		6DFD39802B473540002006EE /* APIPokemonListDataSourceType.swift */ = {isa = PBXFileReference; lastKnownFileType = sourcecode.swift; path = APIPokemonListDataSourceType.swift; sourceTree = "<group>"; };
		6DFD39822B473548002006EE /* APIPokemonListDataSource.swift */ = {isa = PBXFileReference; lastKnownFileType = sourcecode.swift; path = APIPokemonListDataSource.swift; sourceTree = "<group>"; };
		6DFD39842B473561002006EE /* PokemonListViewModel.swift */ = {isa = PBXFileReference; lastKnownFileType = sourcecode.swift; path = PokemonListViewModel.swift; sourceTree = "<group>"; };
		6DFD39862B47356A002006EE /* PokemonListView.swift */ = {isa = PBXFileReference; lastKnownFileType = sourcecode.swift; path = PokemonListView.swift; sourceTree = "<group>"; };
		6DFD39882B473577002006EE /* PokemonListFactory.swift */ = {isa = PBXFileReference; lastKnownFileType = sourcecode.swift; path = PokemonListFactory.swift; sourceTree = "<group>"; };
		6DFD398A2B473897002006EE /* PokemonListResponseDTO.swift */ = {isa = PBXFileReference; lastKnownFileType = sourcecode.swift; path = PokemonListResponseDTO.swift; sourceTree = "<group>"; };
		6DFD398C2B4738E4002006EE /* PokemonListResponse.swift */ = {isa = PBXFileReference; lastKnownFileType = sourcecode.swift; path = PokemonListResponse.swift; sourceTree = "<group>"; };
		6DFD398E2B47C1DE002006EE /* PokemonListDomainMapper.swift */ = {isa = PBXFileReference; lastKnownFileType = sourcecode.swift; path = PokemonListDomainMapper.swift; sourceTree = "<group>"; };
		6DFD39922B47C3EC002006EE /* PokemonEntry.swift */ = {isa = PBXFileReference; lastKnownFileType = sourcecode.swift; path = PokemonEntry.swift; sourceTree = "<group>"; };
		6DFD39942B47CAB2002006EE /* PokemonListInfoResponse.swift */ = {isa = PBXFileReference; lastKnownFileType = sourcecode.swift; path = PokemonListInfoResponse.swift; sourceTree = "<group>"; };
		6DFD39962B47CB0B002006EE /* PokemonListInfoResponseDTO.swift */ = {isa = PBXFileReference; lastKnownFileType = sourcecode.swift; path = PokemonListInfoResponseDTO.swift; sourceTree = "<group>"; };
		6DFD39982B47CB41002006EE /* PokemonListInfo.swift */ = {isa = PBXFileReference; lastKnownFileType = sourcecode.swift; path = PokemonListInfo.swift; sourceTree = "<group>"; };
		6DFD399A2B47CB6A002006EE /* PokemonListInfoDTO.swift */ = {isa = PBXFileReference; lastKnownFileType = sourcecode.swift; path = PokemonListInfoDTO.swift; sourceTree = "<group>"; };
		6DFD399C2B47D3B5002006EE /* PokemonListPresentableItem.swift */ = {isa = PBXFileReference; lastKnownFileType = sourcecode.swift; path = PokemonListPresentableItem.swift; sourceTree = "<group>"; };
		6DFD399E2B47D49F002006EE /* PokemonSpritesDTO.swift */ = {isa = PBXFileReference; lastKnownFileType = sourcecode.swift; path = PokemonSpritesDTO.swift; sourceTree = "<group>"; };
/* End PBXFileReference section */

/* Begin PBXFrameworksBuildPhase section */
		6D3711FA2B4C2D3100239114 /* Frameworks */ = {
			isa = PBXFrameworksBuildPhase;
			buildActionMask = 2147483647;
			files = (
			);
			runOnlyForDeploymentPostprocessing = 0;
		};
		6D765BC22B4BBBE9007769C1 /* Frameworks */ = {
			isa = PBXFrameworksBuildPhase;
			buildActionMask = 2147483647;
			files = (
			);
			runOnlyForDeploymentPostprocessing = 0;
		};
		6DFD393D2B4732F5002006EE /* Frameworks */ = {
			isa = PBXFrameworksBuildPhase;
			buildActionMask = 2147483647;
			files = (
			);
			runOnlyForDeploymentPostprocessing = 0;
		};
/* End PBXFrameworksBuildPhase section */

/* Begin PBXGroup section */
		6D3711FE2B4C2D3100239114 /* PokeAPIUITests */ = {
			isa = PBXGroup;
			children = (
				6DC26FC12B4EB88B0093C04E /* Pokemon */,
				6DC26FC22B4EB8A70093C04E /* Location Area */,
			);
			path = PokeAPIUITests;
			sourceTree = "<group>";
		};
		6D542F722B50690A00B58BC8 /* Models */ = {
			isa = PBXGroup;
			children = (
				6D542F732B50691F00B58BC8 /* PokemonListData.swift */,
			);
			path = Models;
			sourceTree = "<group>";
		};
		6D542F7D2B50698A00B58BC8 /* Cache */ = {
			isa = PBXGroup;
			children = (
				6D542F7E2B50699E00B58BC8 /* CachePokemonListDataSourceType.swift */,
			);
			path = Cache;
			sourceTree = "<group>";
		};
		6D765B992B4B1716007769C1 /* Pokemon */ = {
			isa = PBXGroup;
			children = (
				6DFD397A2B4734FF002006EE /* GetPokemonListType.swift */,
				6DFD397C2B473514002006EE /* PokemonListRepositoryType.swift */,
				6DC06A752B49DEDA00B08FBA /* GetSinglePokemonType.swift */,
				6DC06A792B49DF7600B08FBA /* SinglePokemonRepositoryType.swift */,
			);
			path = Pokemon;
			sourceTree = "<group>";
		};
		6D765B9A2B4B1737007769C1 /* Location Encounters */ = {
			isa = PBXGroup;
			children = (
				6D765B892B4AD36D007769C1 /* SingleLocationRepositoryType.swift */,
				6D765B872B4AD34F007769C1 /* GetSingleLocationType.swift */,
			);
			path = "Location Encounters";
			sourceTree = "<group>";
		};
		6D765B9B2B4B174E007769C1 /* Location Area */ = {
			isa = PBXGroup;
			children = (
				6D765BA42B4B17E1007769C1 /* GetLocationAreaType.swift */,
				6D765BA62B4B17F4007769C1 /* LocationAreaRepositoryType.swift */,
			);
			path = "Location Area";
			sourceTree = "<group>";
		};
		6D765B9C2B4B1758007769C1 /* Pokemon */ = {
			isa = PBXGroup;
			children = (
				6DFD39782B4734F6002006EE /* GetPokemonList.swift */,
				6DC06A772B49DF3100B08FBA /* GetSinglePokemon.swift */,
			);
			path = Pokemon;
			sourceTree = "<group>";
		};
		6D765B9D2B4B1764007769C1 /* Location Encounters */ = {
			isa = PBXGroup;
			children = (
				6D765B852B4AD2E4007769C1 /* GetSingleLocation.swift */,
			);
			path = "Location Encounters";
			sourceTree = "<group>";
		};
		6D765B9E2B4B176E007769C1 /* Location Area */ = {
			isa = PBXGroup;
			children = (
				6D765B972B4B16BB007769C1 /* GetLocationArea.swift */,
			);
			path = "Location Area";
			sourceTree = "<group>";
		};
		6D765B9F2B4B1776007769C1 /* Pokemon */ = {
			isa = PBXGroup;
			children = (
				6DFD398C2B4738E4002006EE /* PokemonListResponse.swift */,
				6DFD39922B47C3EC002006EE /* PokemonEntry.swift */,
				6DFD39942B47CAB2002006EE /* PokemonListInfoResponse.swift */,
				6DFD39982B47CB41002006EE /* PokemonListInfo.swift */,
				6DC06A832B49E5B000B08FBA /* SinglePokemonInfo.swift */,
			);
			path = Pokemon;
			sourceTree = "<group>";
		};
		6D765BA02B4B17A5007769C1 /* Location Encounters */ = {
			isa = PBXGroup;
			children = (
				6D765B8B2B4AD3AA007769C1 /* SingleLocationInfo.swift */,
			);
			path = "Location Encounters";
			sourceTree = "<group>";
		};
		6D765BA12B4B17AF007769C1 /* Location Area */ = {
			isa = PBXGroup;
			children = (
				6D765BA22B4B17BC007769C1 /* LocationAreaInfo.swift */,
			);
			path = "Location Area";
			sourceTree = "<group>";
		};
		6D765BA82B4B184F007769C1 /* Pokemon */ = {
			isa = PBXGroup;
			children = (
				6DFD398A2B473897002006EE /* PokemonListResponseDTO.swift */,
				6DFD39962B47CB0B002006EE /* PokemonListInfoResponseDTO.swift */,
				6DFD399A2B47CB6A002006EE /* PokemonListInfoDTO.swift */,
				6DFD399E2B47D49F002006EE /* PokemonSpritesDTO.swift */,
				6DC06A552B49D19C00B08FBA /* PokemonAbilitiesDTO.swift */,
				6DC06A5B2B49D28400B08FBA /* PokemonGameIndicesDTO.swift */,
				6DC06A5F2B49D31200B08FBA /* PokemonHeldItemsDTO.swift */,
				6DC06A632B49D37200B08FBA /* PokemonHeldItemVersionDetailsDTO.swift */,
				6DC06A672B49D43800B08FBA /* PokemonMovesDTO.swift */,
				6DC06A6B2B49D4A200B08FBA /* PokemonMoveVersionGroupDetailsDTO.swift */,
				6DC06A6D2B49D70600B08FBA /* PokemonStatsDTO.swift */,
				6DC06A6F2B49D79400B08FBA /* PokemonTypesDTO.swift */,
				6DC06A712B49D7DA00B08FBA /* PokemonPastTypesDTO.swift */,
			);
			path = Pokemon;
			sourceTree = "<group>";
		};
		6D765BA92B4B1868007769C1 /* Location Encounters */ = {
			isa = PBXGroup;
			children = (
				6D765B912B4AD47D007769C1 /* LocationListInfoDTO.swift */,
			);
			path = "Location Encounters";
			sourceTree = "<group>";
		};
		6D765BAA2B4B1877007769C1 /* Location Area */ = {
			isa = PBXGroup;
			children = (
				6D765BAB2B4B1887007769C1 /* LocationAreaDTO.swift */,
			);
			path = "Location Area";
			sourceTree = "<group>";
		};
		6D765BAD2B4B18BB007769C1 /* Pokemon */ = {
			isa = PBXGroup;
			children = (
				6DC06A7B2B49E01A00B08FBA /* SinglePokemonRepository.swift */,
				6DFD397E2B473526002006EE /* PokemonListRepository.swift */,
			);
			path = Pokemon;
			sourceTree = "<group>";
		};
		6D765BAE2B4B18C7007769C1 /* Location Encounters */ = {
			isa = PBXGroup;
			children = (
				6D765B8D2B4AD3F1007769C1 /* SingleLocationRepository.swift */,
			);
			path = "Location Encounters";
			sourceTree = "<group>";
		};
		6D765BAF2B4B18D0007769C1 /* Location Area */ = {
			isa = PBXGroup;
			children = (
				6D765BB02B4B18E1007769C1 /* LocationAreaRepository.swift */,
			);
			path = "Location Area";
			sourceTree = "<group>";
		};
		6D765BB22B4B1943007769C1 /* Pokemon */ = {
			isa = PBXGroup;
			children = (
				6DFD39802B473540002006EE /* APIPokemonListDataSourceType.swift */,
				6DFD39822B473548002006EE /* APIPokemonListDataSource.swift */,
				6DC06A7D2B49E08D00B08FBA /* APISinglePokemonDataSourceType.swift */,
				6DC06A812B49E28100B08FBA /* APISinglePokemonDataSource.swift */,
			);
			path = Pokemon;
			sourceTree = "<group>";
		};
		6D765BB32B4B1948007769C1 /* Location Encounters */ = {
			isa = PBXGroup;
			children = (
				6D765B8F2B4AD454007769C1 /* APISingleLocationDataSourceType.swift */,
				6D765B932B4AD4CE007769C1 /* APISingleLocationDataSource.swift */,
			);
			path = "Location Encounters";
			sourceTree = "<group>";
		};
		6D765BB42B4B194F007769C1 /* Location Area */ = {
			isa = PBXGroup;
			children = (
				6D765BB52B4B1970007769C1 /* APILocationAreaDataSourceType.swift */,
				6D765BB72B4B1975007769C1 /* APILocationAreaDataSource.swift */,
			);
			path = "Location Area";
			sourceTree = "<group>";
		};
		6D765BC62B4BBBE9007769C1 /* PokeAPITests */ = {
			isa = PBXGroup;
			children = (
				6D765BCE2B4BBBFB007769C1 /* Helpers */,
				6D765BEA2B4BCD49007769C1 /* Data */,
				6D765BCF2B4BBC10007769C1 /* Domain */,
				6D765BC72B4BBBE9007769C1 /* PokeAPITests.swift */,
			);
			path = PokeAPITests;
			sourceTree = "<group>";
		};
		6D765BCE2B4BBBFB007769C1 /* Helpers */ = {
			isa = PBXGroup;
			children = (
				6D765BDB2B4BC20A007769C1 /* Pokemon */,
				6D765BE12B4BC93B007769C1 /* Location Encounters */,
				6D765BE72B4BCC55007769C1 /* Location Area */,
				6D765BD62B4BC00D007769C1 /* Equatable.swift */,
			);
			path = Helpers;
			sourceTree = "<group>";
		};
		6D765BCF2B4BBC10007769C1 /* Domain */ = {
			isa = PBXGroup;
			children = (
				6D765BD82B4BC161007769C1 /* Pokemon */,
				6D765BDE2B4BC853007769C1 /* Location Encounters */,
				6D765BE42B4BCA74007769C1 /* Location Area */,
			);
			path = Domain;
			sourceTree = "<group>";
		};
		6D765BD82B4BC161007769C1 /* Pokemon */ = {
			isa = PBXGroup;
			children = (
				6D765BD22B4BBCCE007769C1 /* GetPokemonListTests.swift */,
				6D765BD92B4BC178007769C1 /* GetSinglePokemonTests.swift */,
			);
			path = Pokemon;
			sourceTree = "<group>";
		};
		6D765BDB2B4BC20A007769C1 /* Pokemon */ = {
			isa = PBXGroup;
			children = (
				6D765BD42B4BBE79007769C1 /* PokemonListRepositoryStub.swift */,
				6D765BDC2B4BC214007769C1 /* SinglePokemonRepositoryStub.swift */,
				6D3711EB2B4C121700239114 /* APIPokemonListDataSourceStub.swift */,
				6D3711EF2B4C223A00239114 /* APISinglePokemonDataSourceStub.swift */,
			);
			path = Pokemon;
			sourceTree = "<group>";
		};
		6D765BDE2B4BC853007769C1 /* Location Encounters */ = {
			isa = PBXGroup;
			children = (
				6D765BDF2B4BC867007769C1 /* GetSingleLocationTests.swift */,
			);
			path = "Location Encounters";
			sourceTree = "<group>";
		};
		6D765BE12B4BC93B007769C1 /* Location Encounters */ = {
			isa = PBXGroup;
			children = (
				6D3711F32B4C255300239114 /* APISingleLocationDataSourceStub.swift */,
				6D765BE22B4BC94F007769C1 /* SingleLocationRepositoryStub.swift */,
			);
			path = "Location Encounters";
			sourceTree = "<group>";
		};
		6D765BE42B4BCA74007769C1 /* Location Area */ = {
			isa = PBXGroup;
			children = (
				6D765BE52B4BCA8A007769C1 /* GetLocationAreaTests.swift */,
			);
			path = "Location Area";
			sourceTree = "<group>";
		};
		6D765BE72B4BCC55007769C1 /* Location Area */ = {
			isa = PBXGroup;
			children = (
				6D3711F72B4C28E800239114 /* APILocationAreaDataSourceStub.swift */,
				6D765BE82B4BCC68007769C1 /* LocationAreaRepositoryStub.swift */,
			);
			path = "Location Area";
			sourceTree = "<group>";
		};
		6D765BEA2B4BCD49007769C1 /* Data */ = {
			isa = PBXGroup;
			children = (
				6D765BEC2B4BCD74007769C1 /* Repositories */,
			);
			path = Data;
			sourceTree = "<group>";
		};
		6D765BEC2B4BCD74007769C1 /* Repositories */ = {
			isa = PBXGroup;
			children = (
				6D3711E92B4C10EE00239114 /* PokemonListRepositoryTests.swift */,
				6D3711ED2B4C21C800239114 /* SinglePokemonRepositoryTests.swift */,
				6D3711F12B4C241700239114 /* SingleLocationRepositoryTests.swift */,
				6D3711F52B4C282A00239114 /* LocationAreaRepositoryTests.swift */,
			);
			path = Repositories;
			sourceTree = "<group>";
		};
		6DC26FC12B4EB88B0093C04E /* Pokemon */ = {
			isa = PBXGroup;
			children = (
				6D3711FF2B4C2D3100239114 /* PokeAPIListPokemonsUITests.swift */,
				6D3712012B4C2D3100239114 /* PokeAPIListPokemonsUITestsLaunchTests.swift */,
				6DC26FBB2B4E9D780093C04E /* PokemonAPIListPokemonsUIErrorTests.swift */,
				6DC26FBD2B4E9E860093C04E /* PokeAPIDetailPokemonUITests.swift */,
			);
			path = Pokemon;
			sourceTree = "<group>";
		};
		6DC26FC22B4EB8A70093C04E /* Location Area */ = {
			isa = PBXGroup;
			children = (
				6DC26FBF2B4EB8870093C04E /* PokeAPILocationAreaUITests.swift */,
			);
			path = "Location Area";
			sourceTree = "<group>";
		};
		6DFD39372B4732F5002006EE = {
			isa = PBXGroup;
			children = (
				6DFD39422B4732F5002006EE /* PokeAPI */,
				6D765BC62B4BBBE9007769C1 /* PokeAPITests */,
				6D3711FE2B4C2D3100239114 /* PokeAPIUITests */,
				6DFD39412B4732F5002006EE /* Products */,
			);
			sourceTree = "<group>";
		};
		6DFD39412B4732F5002006EE /* Products */ = {
			isa = PBXGroup;
			children = (
				6DFD39402B4732F5002006EE /* PokeAPI.app */,
				6D765BC52B4BBBE9007769C1 /* PokeAPITests.xctest */,
				6D3711FD2B4C2D3100239114 /* PokeAPIUITests.xctest */,
			);
			name = Products;
			sourceTree = "<group>";
		};
		6DFD39422B4732F5002006EE /* PokeAPI */ = {
			isa = PBXGroup;
			children = (
				6DFD39432B4732F5002006EE /* PokeAPIApp.swift */,
				6DFD39452B4732F5002006EE /* ContentView.swift */,
				6DFD39472B4732F5002006EE /* Assets.xcassets */,
				6DFD39512B473312002006EE /* Utils */,
				6DFD39542B473327002006EE /* Composition Root */,
				6DFD39552B47333F002006EE /* UI */,
				6DFD39562B473345002006EE /* Presentation */,
				6DFD39572B47334B002006EE /* Infraestructure */,
				6DFD39582B473353002006EE /* Data */,
				6DFD39592B47335A002006EE /* Domain */,
				6DFD39492B4732F5002006EE /* Preview Content */,
			);
			path = PokeAPI;
			sourceTree = "<group>";
		};
		6DFD39492B4732F5002006EE /* Preview Content */ = {
			isa = PBXGroup;
			children = (
				6DFD394A2B4732F5002006EE /* Preview Assets.xcassets */,
			);
			path = "Preview Content";
			sourceTree = "<group>";
		};
		6DFD39512B473312002006EE /* Utils */ = {
			isa = PBXGroup;
			children = (
				6DFD39522B47331A002006EE /* Foundation+Extensions.swift */,
				6D765BD02B4BBC32007769C1 /* Constants.swift */,
			);
			path = Utils;
			sourceTree = "<group>";
		};
		6DFD39542B473327002006EE /* Composition Root */ = {
			isa = PBXGroup;
			children = (
				6DFD39882B473577002006EE /* PokemonListFactory.swift */,
				6DC06A512B49CBAA00B08FBA /* PokemonDetailFactory.swift */,
				6D765BBD2B4B28B2007769C1 /* LocationAreaFactory.swift */,
			);
			path = "Composition Root";
			sourceTree = "<group>";
		};
		6DFD39552B47333F002006EE /* UI */ = {
			isa = PBXGroup;
			children = (
				6DFD39862B47356A002006EE /* PokemonListView.swift */,
				6DC06A4D2B49CB2600B08FBA /* CreatePokemonDetailView.swift */,
				6DC06A4F2B49CB4400B08FBA /* PokemonDetailView.swift */,
				6DDDE15A2B4ABB4E0046DCA5 /* PokemonDetailItemView.swift */,
				6D765BB92B4B26E7007769C1 /* CreateLocationAreaView.swift */,
				6D765BBB2B4B2703007769C1 /* LocationAreaView.swift */,
				6D542F702B50679D00B58BC8 /* CustomLoadingView.swift */,
			);
			path = UI;
			sourceTree = "<group>";
		};
		6DFD39562B473345002006EE /* Presentation */ = {
			isa = PBXGroup;
			children = (
				6DFD39842B473561002006EE /* PokemonListViewModel.swift */,
				6DFD39762B4734B7002006EE /* PokemonPresentableErrorMapper.swift */,
				6DFD399C2B47D3B5002006EE /* PokemonListPresentableItem.swift */,
				6DC06A532B49CC0300B08FBA /* PokemonDetailViewModel.swift */,
				6D765BBF2B4B298D007769C1 /* LocationAreaViewModel.swift */,
			);
			path = Presentation;
			sourceTree = "<group>";
		};
		6DFD39572B47334B002006EE /* Infraestructure */ = {
			isa = PBXGroup;
			children = (
				6DFD39622B4733A6002006EE /* Data */,
				6DFD39632B4733AC002006EE /* Networking */,
			);
			path = Infraestructure;
			sourceTree = "<group>";
		};
		6DFD39582B473353002006EE /* Data */ = {
			isa = PBXGroup;
			children = (
				6DFD395E2B473380002006EE /* Mapper */,
				6D542F7D2B50698A00B58BC8 /* Cache */,
				6DFD395F2B47338A002006EE /* DTOs */,
				6DFD39602B473392002006EE /* Networking */,
				6DFD39612B473399002006EE /* Repositories */,
			);
			path = Data;
			sourceTree = "<group>";
		};
		6DFD39592B47335A002006EE /* Domain */ = {
			isa = PBXGroup;
			children = (
				6DFD395A2B473361002006EE /* Error */,
				6DFD395B2B473367002006EE /* Interfaces */,
				6DFD395C2B47336F002006EE /* Use Cases */,
				6DFD395D2B473375002006EE /* Entities */,
			);
			path = Domain;
			sourceTree = "<group>";
		};
		6DFD395A2B473361002006EE /* Error */ = {
			isa = PBXGroup;
			children = (
				6DFD39722B47346B002006EE /* PokemonDomainError.swift */,
			);
			path = Error;
			sourceTree = "<group>";
		};
		6DFD395B2B473367002006EE /* Interfaces */ = {
			isa = PBXGroup;
			children = (
				6D765B992B4B1716007769C1 /* Pokemon */,
				6D765B9A2B4B1737007769C1 /* Location Encounters */,
				6D765B9B2B4B174E007769C1 /* Location Area */,
			);
			path = Interfaces;
			sourceTree = "<group>";
		};
		6DFD395C2B47336F002006EE /* Use Cases */ = {
			isa = PBXGroup;
			children = (
				6D765B9C2B4B1758007769C1 /* Pokemon */,
				6D765B9D2B4B1764007769C1 /* Location Encounters */,
				6D765B9E2B4B176E007769C1 /* Location Area */,
			);
			path = "Use Cases";
			sourceTree = "<group>";
		};
		6DFD395D2B473375002006EE /* Entities */ = {
			isa = PBXGroup;
			children = (
				6D765B9F2B4B1776007769C1 /* Pokemon */,
				6D765BA02B4B17A5007769C1 /* Location Encounters */,
				6D765BA12B4B17AF007769C1 /* Location Area */,
			);
			path = Entities;
			sourceTree = "<group>";
		};
		6DFD395E2B473380002006EE /* Mapper */ = {
			isa = PBXGroup;
			children = (
				6DFD39742B473498002006EE /* PokemonDomainErrorMapper.swift */,
				6DFD398E2B47C1DE002006EE /* PokemonListDomainMapper.swift */,
			);
			path = Mapper;
			sourceTree = "<group>";
		};
		6DFD395F2B47338A002006EE /* DTOs */ = {
			isa = PBXGroup;
			children = (
				6DC06A572B49D20700B08FBA /* NameUrlDTO.swift */,
				6D765BA82B4B184F007769C1 /* Pokemon */,
				6D765BA92B4B1868007769C1 /* Location Encounters */,
				6D765BAA2B4B1877007769C1 /* Location Area */,
			);
			path = DTOs;
			sourceTree = "<group>";
		};
		6DFD39602B473392002006EE /* Networking */ = {
			isa = PBXGroup;
			children = (
				6D765BB22B4B1943007769C1 /* Pokemon */,
				6D765BB32B4B1948007769C1 /* Location Encounters */,
				6D765BB42B4B194F007769C1 /* Location Area */,
				6DFD396A2B4733F9002006EE /* HTTPClientError.swift */,
				6DFD396C2B47340C002006EE /* Endpoint.swift */,
				6DFD396E2B473418002006EE /* HTTPMethod.swift */,
				6DFD39702B47341F002006EE /* HTTPClient.swift */,
			);
			path = Networking;
			sourceTree = "<group>";
		};
		6DFD39612B473399002006EE /* Repositories */ = {
			isa = PBXGroup;
			children = (
				6D765BAF2B4B18D0007769C1 /* Location Area */,
				6D765BAE2B4B18C7007769C1 /* Location Encounters */,
				6D765BAD2B4B18BB007769C1 /* Pokemon */,
			);
			path = Repositories;
			sourceTree = "<group>";
		};
		6DFD39622B4733A6002006EE /* Data */ = {
			isa = PBXGroup;
			children = (
				6D542F722B50690A00B58BC8 /* Models */,
				6D542F752B50693000B58BC8 /* SwiftDataPokemonListContainerType.swift */,
				6D542F772B50693F00B58BC8 /* SwiftDataPokemonListContainer.swift */,
				6D542F792B50695D00B58BC8 /* SwiftDataPokemonListDomainMapper.swift */,
				6D542F7B2B50696F00B58BC8 /* SwiftDataCachePokemonListDataSource.swift */,
			);
			path = Data;
			sourceTree = "<group>";
		};
		6DFD39632B4733AC002006EE /* Networking */ = {
			isa = PBXGroup;
			children = (
				6DFD39642B4733BB002006EE /* URLSessionHTTPCLient.swift */,
				6DFD39662B4733C9002006EE /* URLSessionErrorResolver.swift */,
				6DFD39682B4733D4002006EE /* URLSessionRequestMaker.swift */,
			);
			path = Networking;
			sourceTree = "<group>";
		};
/* End PBXGroup section */

/* Begin PBXNativeTarget section */
		6D3711FC2B4C2D3100239114 /* PokeAPIUITests */ = {
			isa = PBXNativeTarget;
			buildConfigurationList = 6D3712052B4C2D3100239114 /* Build configuration list for PBXNativeTarget "PokeAPIUITests" */;
			buildPhases = (
				6D3711F92B4C2D3100239114 /* Sources */,
				6D3711FA2B4C2D3100239114 /* Frameworks */,
				6D3711FB2B4C2D3100239114 /* Resources */,
				6DBF859C2B513A8C00315358 /* ShellScript */,
			);
			buildRules = (
			);
			dependencies = (
				6DBF859B2B513A8700315358 /* PBXTargetDependency */,
				6D3712042B4C2D3100239114 /* PBXTargetDependency */,
			);
			name = PokeAPIUITests;
			productName = PokeAPIUITests;
			productReference = 6D3711FD2B4C2D3100239114 /* PokeAPIUITests.xctest */;
			productType = "com.apple.product-type.bundle.ui-testing";
		};
		6D765BC42B4BBBE9007769C1 /* PokeAPITests */ = {
			isa = PBXNativeTarget;
			buildConfigurationList = 6D765BCB2B4BBBE9007769C1 /* Build configuration list for PBXNativeTarget "PokeAPITests" */;
			buildPhases = (
				6D765BC12B4BBBE9007769C1 /* Sources */,
				6D765BC22B4BBBE9007769C1 /* Frameworks */,
				6D765BC32B4BBBE9007769C1 /* Resources */,
				6DBF85972B513A0C00315358 /* ShellScript */,
			);
			buildRules = (
			);
			dependencies = (
				6DBF85992B513A1400315358 /* PBXTargetDependency */,
				6D765BCA2B4BBBE9007769C1 /* PBXTargetDependency */,
			);
			name = PokeAPITests;
			productName = PokeAPITests;
			productReference = 6D765BC52B4BBBE9007769C1 /* PokeAPITests.xctest */;
			productType = "com.apple.product-type.bundle.unit-test";
		};
		6DFD393F2B4732F5002006EE /* PokeAPI */ = {
			isa = PBXNativeTarget;
			buildConfigurationList = 6DFD394E2B4732F5002006EE /* Build configuration list for PBXNativeTarget "PokeAPI" */;
			buildPhases = (
				6DFD393C2B4732F5002006EE /* Sources */,
				6DFD393D2B4732F5002006EE /* Frameworks */,
				6DFD393E2B4732F5002006EE /* Resources */,
				6DC26FC42B4EBA050093C04E /* ShellScript */,
			);
			buildRules = (
			);
			dependencies = (
				6DC26FC62B4EBA330093C04E /* PBXTargetDependency */,
			);
			name = PokeAPI;
			productName = PokeAPI;
			productReference = 6DFD39402B4732F5002006EE /* PokeAPI.app */;
			productType = "com.apple.product-type.application";
		};
/* End PBXNativeTarget section */

/* Begin PBXProject section */
		6DFD39382B4732F5002006EE /* Project object */ = {
			isa = PBXProject;
			attributes = {
				BuildIndependentTargetsInParallel = 1;
				LastSwiftUpdateCheck = 1510;
				LastUpgradeCheck = 1510;
				TargetAttributes = {
					6D3711FC2B4C2D3100239114 = {
						CreatedOnToolsVersion = 15.1;
						TestTargetID = 6DFD393F2B4732F5002006EE;
					};
					6D765BC42B4BBBE9007769C1 = {
						CreatedOnToolsVersion = 15.1;
						TestTargetID = 6DFD393F2B4732F5002006EE;
					};
					6DFD393F2B4732F5002006EE = {
						CreatedOnToolsVersion = 15.1;
					};
				};
			};
			buildConfigurationList = 6DFD393B2B4732F5002006EE /* Build configuration list for PBXProject "PokeAPI" */;
			compatibilityVersion = "Xcode 14.0";
			developmentRegion = en;
			hasScannedForEncodings = 0;
			knownRegions = (
				en,
				Base,
			);
			mainGroup = 6DFD39372B4732F5002006EE;
			packageReferences = (
				6DC26FC32B4EB9FB0093C04E /* XCRemoteSwiftPackageReference "SwiftLint" */,
			);
			productRefGroup = 6DFD39412B4732F5002006EE /* Products */;
			projectDirPath = "";
			projectRoot = "";
			targets = (
				6DFD393F2B4732F5002006EE /* PokeAPI */,
				6D765BC42B4BBBE9007769C1 /* PokeAPITests */,
				6D3711FC2B4C2D3100239114 /* PokeAPIUITests */,
			);
		};
/* End PBXProject section */

/* Begin PBXResourcesBuildPhase section */
		6D3711FB2B4C2D3100239114 /* Resources */ = {
			isa = PBXResourcesBuildPhase;
			buildActionMask = 2147483647;
			files = (
			);
			runOnlyForDeploymentPostprocessing = 0;
		};
		6D765BC32B4BBBE9007769C1 /* Resources */ = {
			isa = PBXResourcesBuildPhase;
			buildActionMask = 2147483647;
			files = (
			);
			runOnlyForDeploymentPostprocessing = 0;
		};
		6DFD393E2B4732F5002006EE /* Resources */ = {
			isa = PBXResourcesBuildPhase;
			buildActionMask = 2147483647;
			files = (
				6DFD394B2B4732F5002006EE /* Preview Assets.xcassets in Resources */,
				6DFD39482B4732F5002006EE /* Assets.xcassets in Resources */,
			);
			runOnlyForDeploymentPostprocessing = 0;
		};
/* End PBXResourcesBuildPhase section */

/* Begin PBXShellScriptBuildPhase section */
		6DBF85972B513A0C00315358 /* ShellScript */ = {
			isa = PBXShellScriptBuildPhase;
			buildActionMask = 2147483647;
			files = (
			);
			inputFileListPaths = (
			);
			inputPaths = (
			);
			outputFileListPaths = (
			);
			outputPaths = (
			);
			runOnlyForDeploymentPostprocessing = 0;
			shellPath = /bin/sh;
			shellScript = "if which swiftlint >/dev/null; then\n    swiftlint\nelse \n    echo \"warning: SwiftLint not installed\"\nfi\n";
		};
		6DBF859C2B513A8C00315358 /* ShellScript */ = {
			isa = PBXShellScriptBuildPhase;
			buildActionMask = 2147483647;
			files = (
			);
			inputFileListPaths = (
			);
			inputPaths = (
			);
			outputFileListPaths = (
			);
			outputPaths = (
			);
			runOnlyForDeploymentPostprocessing = 0;
			shellPath = /bin/sh;
			shellScript = "if which swiftlint >/dev/null; then\n    swiftlint\nelse \n    echo \"warning: SwiftLint not installed\"\nfi\n";
		};
		6DC26FC42B4EBA050093C04E /* ShellScript */ = {
			isa = PBXShellScriptBuildPhase;
			buildActionMask = 2147483647;
			files = (
			);
			inputFileListPaths = (
			);
			inputPaths = (
			);
			outputFileListPaths = (
			);
			outputPaths = (
			);
			runOnlyForDeploymentPostprocessing = 0;
			shellPath = /bin/sh;
			shellScript = "if which swiftlint >/dev/null; then\n    swiftlint\nelse \n    echo \"warning: SwiftLint not installed\"\nfi\n";
		};
/* End PBXShellScriptBuildPhase section */

/* Begin PBXSourcesBuildPhase section */
		6D3711F92B4C2D3100239114 /* Sources */ = {
			isa = PBXSourcesBuildPhase;
			buildActionMask = 2147483647;
			files = (
				6D3712022B4C2D3100239114 /* PokeAPIListPokemonsUITestsLaunchTests.swift in Sources */,
				6D3712002B4C2D3100239114 /* PokeAPIListPokemonsUITests.swift in Sources */,
				6DC26FBE2B4E9E860093C04E /* PokeAPIDetailPokemonUITests.swift in Sources */,
				6DC26FC02B4EB8870093C04E /* PokeAPILocationAreaUITests.swift in Sources */,
				6DC26FBC2B4E9D780093C04E /* PokemonAPIListPokemonsUIErrorTests.swift in Sources */,
			);
			runOnlyForDeploymentPostprocessing = 0;
		};
		6D765BC12B4BBBE9007769C1 /* Sources */ = {
			isa = PBXSourcesBuildPhase;
			buildActionMask = 2147483647;
			files = (
				6D765BD52B4BBE79007769C1 /* PokemonListRepositoryStub.swift in Sources */,
				6D765BD32B4BBCCE007769C1 /* GetPokemonListTests.swift in Sources */,
				6D765BE02B4BC867007769C1 /* GetSingleLocationTests.swift in Sources */,
				6D765BE62B4BCA8A007769C1 /* GetLocationAreaTests.swift in Sources */,
				6D3711F22B4C241700239114 /* SingleLocationRepositoryTests.swift in Sources */,
				6D765BDA2B4BC178007769C1 /* GetSinglePokemonTests.swift in Sources */,
				6D3711EE2B4C21C800239114 /* SinglePokemonRepositoryTests.swift in Sources */,
				6D3711F62B4C282A00239114 /* LocationAreaRepositoryTests.swift in Sources */,
				6D3711EC2B4C121700239114 /* APIPokemonListDataSourceStub.swift in Sources */,
				6D3711F82B4C28E800239114 /* APILocationAreaDataSourceStub.swift in Sources */,
				6D765BDD2B4BC214007769C1 /* SinglePokemonRepositoryStub.swift in Sources */,
				6D765BD72B4BC00D007769C1 /* Equatable.swift in Sources */,
				6D765BE32B4BC94F007769C1 /* SingleLocationRepositoryStub.swift in Sources */,
				6D765BE92B4BCC68007769C1 /* LocationAreaRepositoryStub.swift in Sources */,
				6D3711F02B4C223A00239114 /* APISinglePokemonDataSourceStub.swift in Sources */,
				6D765BC82B4BBBE9007769C1 /* PokeAPITests.swift in Sources */,
				6D3711F42B4C255300239114 /* APISingleLocationDataSourceStub.swift in Sources */,
				6D3711EA2B4C10EE00239114 /* PokemonListRepositoryTests.swift in Sources */,
			);
			runOnlyForDeploymentPostprocessing = 0;
		};
		6DFD393C2B4732F5002006EE /* Sources */ = {
			isa = PBXSourcesBuildPhase;
			buildActionMask = 2147483647;
			files = (
				6DC06A562B49D19C00B08FBA /* PokemonAbilitiesDTO.swift in Sources */,
				6DFD398D2B4738E4002006EE /* PokemonListResponse.swift in Sources */,
				6DC06A762B49DEDA00B08FBA /* GetSinglePokemonType.swift in Sources */,
				6D542F762B50693000B58BC8 /* SwiftDataPokemonListContainerType.swift in Sources */,
				6DFD39992B47CB41002006EE /* PokemonListInfo.swift in Sources */,
				6DFD39792B4734F6002006EE /* GetPokemonList.swift in Sources */,
				6D765BA52B4B17E1007769C1 /* GetLocationAreaType.swift in Sources */,
				6D542F782B50693F00B58BC8 /* SwiftDataPokemonListContainer.swift in Sources */,
				6DFD39732B47346B002006EE /* PokemonDomainError.swift in Sources */,
				6D765BBE2B4B28B2007769C1 /* LocationAreaFactory.swift in Sources */,
				6D765BB62B4B1970007769C1 /* APILocationAreaDataSourceType.swift in Sources */,
				6DFD399F2B47D49F002006EE /* PokemonSpritesDTO.swift in Sources */,
				6DFD39752B473498002006EE /* PokemonDomainErrorMapper.swift in Sources */,
				6DC06A7E2B49E08D00B08FBA /* APISinglePokemonDataSourceType.swift in Sources */,
				6DC06A602B49D31200B08FBA /* PokemonHeldItemsDTO.swift in Sources */,
				6DFD39772B4734B7002006EE /* PokemonPresentableErrorMapper.swift in Sources */,
				6D765BB82B4B1975007769C1 /* APILocationAreaDataSource.swift in Sources */,
				6DFD397F2B473526002006EE /* PokemonListRepository.swift in Sources */,
				6DFD39462B4732F5002006EE /* ContentView.swift in Sources */,
				6D765BA72B4B17F4007769C1 /* LocationAreaRepositoryType.swift in Sources */,
				6DFD399D2B47D3B5002006EE /* PokemonListPresentableItem.swift in Sources */,
				6D765B942B4AD4CE007769C1 /* APISingleLocationDataSource.swift in Sources */,
				6DFD39892B473577002006EE /* PokemonListFactory.swift in Sources */,
				6D765B982B4B16BB007769C1 /* GetLocationArea.swift in Sources */,
				6DC06A822B49E28100B08FBA /* APISinglePokemonDataSource.swift in Sources */,
				6DC06A4E2B49CB2600B08FBA /* CreatePokemonDetailView.swift in Sources */,
				6D542F7A2B50695D00B58BC8 /* SwiftDataPokemonListDomainMapper.swift in Sources */,
				6DDDE15B2B4ABB4E0046DCA5 /* PokemonDetailItemView.swift in Sources */,
				6D765B8C2B4AD3AA007769C1 /* SingleLocationInfo.swift in Sources */,
				6D765BAC2B4B1887007769C1 /* LocationAreaDTO.swift in Sources */,
				6DC06A702B49D79400B08FBA /* PokemonTypesDTO.swift in Sources */,
				6DFD397B2B4734FF002006EE /* GetPokemonListType.swift in Sources */,
				6DFD39692B4733D4002006EE /* URLSessionRequestMaker.swift in Sources */,
				6D765B902B4AD454007769C1 /* APISingleLocationDataSourceType.swift in Sources */,
				6D765BBC2B4B2703007769C1 /* LocationAreaView.swift in Sources */,
				6DFD396D2B47340C002006EE /* Endpoint.swift in Sources */,
				6DFD398F2B47C1DE002006EE /* PokemonListDomainMapper.swift in Sources */,
				6DFD39952B47CAB2002006EE /* PokemonListInfoResponse.swift in Sources */,
				6DC06A582B49D20700B08FBA /* NameUrlDTO.swift in Sources */,
				6DC06A5C2B49D28400B08FBA /* PokemonGameIndicesDTO.swift in Sources */,
				6D765B8A2B4AD36D007769C1 /* SingleLocationRepositoryType.swift in Sources */,
				6DC06A542B49CC0300B08FBA /* PokemonDetailViewModel.swift in Sources */,
				6D542F742B50691F00B58BC8 /* PokemonListData.swift in Sources */,
				6DFD398B2B473897002006EE /* PokemonListResponseDTO.swift in Sources */,
				6D765B862B4AD2E4007769C1 /* GetSingleLocation.swift in Sources */,
				6DC06A842B49E5B000B08FBA /* SinglePokemonInfo.swift in Sources */,
				6DFD39812B473540002006EE /* APIPokemonListDataSourceType.swift in Sources */,
				6DC06A722B49D7DA00B08FBA /* PokemonPastTypesDTO.swift in Sources */,
				6DFD396B2B4733F9002006EE /* HTTPClientError.swift in Sources */,
				6DFD39442B4732F5002006EE /* PokeAPIApp.swift in Sources */,
				6D542F712B50679D00B58BC8 /* CustomLoadingView.swift in Sources */,
				6DFD396F2B473418002006EE /* HTTPMethod.swift in Sources */,
				6DC06A6E2B49D70600B08FBA /* PokemonStatsDTO.swift in Sources */,
				6DFD399B2B47CB6A002006EE /* PokemonListInfoDTO.swift in Sources */,
				6D765B8E2B4AD3F1007769C1 /* SingleLocationRepository.swift in Sources */,
				6D542F7C2B50696F00B58BC8 /* SwiftDataCachePokemonListDataSource.swift in Sources */,
				6D765BD12B4BBC32007769C1 /* Constants.swift in Sources */,
				6DFD39712B47341F002006EE /* HTTPClient.swift in Sources */,
				6DFD39832B473548002006EE /* APIPokemonListDataSource.swift in Sources */,
				6DC06A522B49CBAA00B08FBA /* PokemonDetailFactory.swift in Sources */,
				6D765BBA2B4B26E7007769C1 /* CreateLocationAreaView.swift in Sources */,
				6D765BB12B4B18E1007769C1 /* LocationAreaRepository.swift in Sources */,
				6DFD39532B47331A002006EE /* Foundation+Extensions.swift in Sources */,
				6D542F7F2B50699E00B58BC8 /* CachePokemonListDataSourceType.swift in Sources */,
				6D765BA32B4B17BC007769C1 /* LocationAreaInfo.swift in Sources */,
				6DC06A502B49CB4400B08FBA /* PokemonDetailView.swift in Sources */,
				6DFD39932B47C3EC002006EE /* PokemonEntry.swift in Sources */,
				6D765B882B4AD34F007769C1 /* GetSingleLocationType.swift in Sources */,
				6DFD39652B4733BB002006EE /* URLSessionHTTPCLient.swift in Sources */,
				6DFD39972B47CB0B002006EE /* PokemonListInfoResponseDTO.swift in Sources */,
				6DC06A7A2B49DF7600B08FBA /* SinglePokemonRepositoryType.swift in Sources */,
				6DC06A682B49D43800B08FBA /* PokemonMovesDTO.swift in Sources */,
				6DFD397D2B473514002006EE /* PokemonListRepositoryType.swift in Sources */,
				6DFD39852B473561002006EE /* PokemonListViewModel.swift in Sources */,
				6D765BC02B4B298D007769C1 /* LocationAreaViewModel.swift in Sources */,
				6DC06A642B49D37200B08FBA /* PokemonHeldItemVersionDetailsDTO.swift in Sources */,
				6DFD39872B47356A002006EE /* PokemonListView.swift in Sources */,
				6DC06A782B49DF3100B08FBA /* GetSinglePokemon.swift in Sources */,
				6DC06A6C2B49D4A200B08FBA /* PokemonMoveVersionGroupDetailsDTO.swift in Sources */,
				6DC06A7C2B49E01A00B08FBA /* SinglePokemonRepository.swift in Sources */,
				6D765B922B4AD47D007769C1 /* LocationListInfoDTO.swift in Sources */,
				6DFD39672B4733C9002006EE /* URLSessionErrorResolver.swift in Sources */,
			);
			runOnlyForDeploymentPostprocessing = 0;
		};
/* End PBXSourcesBuildPhase section */

/* Begin PBXTargetDependency section */
		6D3712042B4C2D3100239114 /* PBXTargetDependency */ = {
			isa = PBXTargetDependency;
			target = 6DFD393F2B4732F5002006EE /* PokeAPI */;
			targetProxy = 6D3712032B4C2D3100239114 /* PBXContainerItemProxy */;
		};
		6D765BCA2B4BBBE9007769C1 /* PBXTargetDependency */ = {
			isa = PBXTargetDependency;
			target = 6DFD393F2B4732F5002006EE /* PokeAPI */;
			targetProxy = 6D765BC92B4BBBE9007769C1 /* PBXContainerItemProxy */;
		};
		6DBF85992B513A1400315358 /* PBXTargetDependency */ = {
			isa = PBXTargetDependency;
			productRef = 6DBF85982B513A1400315358 /* SwiftLintPlugin */;
		};
		6DBF859B2B513A8700315358 /* PBXTargetDependency */ = {
			isa = PBXTargetDependency;
			productRef = 6DBF859A2B513A8700315358 /* SwiftLintPlugin */;
		};
		6DC26FC62B4EBA330093C04E /* PBXTargetDependency */ = {
			isa = PBXTargetDependency;
			productRef = 6DC26FC52B4EBA330093C04E /* SwiftLintPlugin */;
		};
/* End PBXTargetDependency section */

/* Begin XCBuildConfiguration section */
		6D3712062B4C2D3100239114 /* Debug */ = {
			isa = XCBuildConfiguration;
			buildSettings = {
				CODE_SIGN_STYLE = Automatic;
				CURRENT_PROJECT_VERSION = 1;
				DEVELOPMENT_TEAM = BDJY23GUM8;
				GENERATE_INFOPLIST_FILE = YES;
				MARKETING_VERSION = 1.0;
				PRODUCT_BUNDLE_IDENTIFIER = com.edguitian.PokeAPIUITests;
				PRODUCT_NAME = "$(TARGET_NAME)";
				SWIFT_EMIT_LOC_STRINGS = NO;
				SWIFT_VERSION = 5.0;
				TARGETED_DEVICE_FAMILY = "1,2";
				TEST_TARGET_NAME = PokeAPI;
			};
			name = Debug;
		};
		6D3712072B4C2D3100239114 /* Release */ = {
			isa = XCBuildConfiguration;
			buildSettings = {
				CODE_SIGN_STYLE = Automatic;
				CURRENT_PROJECT_VERSION = 1;
				DEVELOPMENT_TEAM = BDJY23GUM8;
				GENERATE_INFOPLIST_FILE = YES;
				MARKETING_VERSION = 1.0;
				PRODUCT_BUNDLE_IDENTIFIER = com.edguitian.PokeAPIUITests;
				PRODUCT_NAME = "$(TARGET_NAME)";
				SWIFT_EMIT_LOC_STRINGS = NO;
				SWIFT_VERSION = 5.0;
				TARGETED_DEVICE_FAMILY = "1,2";
				TEST_TARGET_NAME = PokeAPI;
			};
			name = Release;
		};
		6D765BCC2B4BBBE9007769C1 /* Debug */ = {
			isa = XCBuildConfiguration;
			buildSettings = {
				BUNDLE_LOADER = "$(TEST_HOST)";
				CODE_SIGN_STYLE = Automatic;
				CURRENT_PROJECT_VERSION = 1;
				DEVELOPMENT_TEAM = BDJY23GUM8;
				GENERATE_INFOPLIST_FILE = YES;
				MARKETING_VERSION = 1.0;
				PRODUCT_BUNDLE_IDENTIFIER = com.edguitian.PokeAPITests;
				PRODUCT_NAME = "$(TARGET_NAME)";
				SWIFT_EMIT_LOC_STRINGS = NO;
				SWIFT_VERSION = 5.0;
				TARGETED_DEVICE_FAMILY = "1,2";
				TEST_HOST = "$(BUILT_PRODUCTS_DIR)/PokeAPI.app/$(BUNDLE_EXECUTABLE_FOLDER_PATH)/PokeAPI";
			};
			name = Debug;
		};
		6D765BCD2B4BBBE9007769C1 /* Release */ = {
			isa = XCBuildConfiguration;
			buildSettings = {
				BUNDLE_LOADER = "$(TEST_HOST)";
				CODE_SIGN_STYLE = Automatic;
				CURRENT_PROJECT_VERSION = 1;
				DEVELOPMENT_TEAM = BDJY23GUM8;
				GENERATE_INFOPLIST_FILE = YES;
				MARKETING_VERSION = 1.0;
				PRODUCT_BUNDLE_IDENTIFIER = com.edguitian.PokeAPITests;
				PRODUCT_NAME = "$(TARGET_NAME)";
				SWIFT_EMIT_LOC_STRINGS = NO;
				SWIFT_VERSION = 5.0;
				TARGETED_DEVICE_FAMILY = "1,2";
				TEST_HOST = "$(BUILT_PRODUCTS_DIR)/PokeAPI.app/$(BUNDLE_EXECUTABLE_FOLDER_PATH)/PokeAPI";
			};
			name = Release;
		};
		6DFD394C2B4732F5002006EE /* Debug */ = {
			isa = XCBuildConfiguration;
			buildSettings = {
				ALWAYS_SEARCH_USER_PATHS = NO;
				ASSETCATALOG_COMPILER_GENERATE_SWIFT_ASSET_SYMBOL_EXTENSIONS = YES;
				CLANG_ANALYZER_NONNULL = YES;
				CLANG_ANALYZER_NUMBER_OBJECT_CONVERSION = YES_AGGRESSIVE;
				CLANG_CXX_LANGUAGE_STANDARD = "gnu++20";
				CLANG_ENABLE_MODULES = YES;
				CLANG_ENABLE_OBJC_ARC = YES;
				CLANG_ENABLE_OBJC_WEAK = YES;
				CLANG_WARN_BLOCK_CAPTURE_AUTORELEASING = YES;
				CLANG_WARN_BOOL_CONVERSION = YES;
				CLANG_WARN_COMMA = YES;
				CLANG_WARN_CONSTANT_CONVERSION = YES;
				CLANG_WARN_DEPRECATED_OBJC_IMPLEMENTATIONS = YES;
				CLANG_WARN_DIRECT_OBJC_ISA_USAGE = YES_ERROR;
				CLANG_WARN_DOCUMENTATION_COMMENTS = YES;
				CLANG_WARN_EMPTY_BODY = YES;
				CLANG_WARN_ENUM_CONVERSION = YES;
				CLANG_WARN_INFINITE_RECURSION = YES;
				CLANG_WARN_INT_CONVERSION = YES;
				CLANG_WARN_NON_LITERAL_NULL_CONVERSION = YES;
				CLANG_WARN_OBJC_IMPLICIT_RETAIN_SELF = YES;
				CLANG_WARN_OBJC_LITERAL_CONVERSION = YES;
				CLANG_WARN_OBJC_ROOT_CLASS = YES_ERROR;
				CLANG_WARN_QUOTED_INCLUDE_IN_FRAMEWORK_HEADER = YES;
				CLANG_WARN_RANGE_LOOP_ANALYSIS = YES;
				CLANG_WARN_STRICT_PROTOTYPES = YES;
				CLANG_WARN_SUSPICIOUS_MOVE = YES;
				CLANG_WARN_UNGUARDED_AVAILABILITY = YES_AGGRESSIVE;
				CLANG_WARN_UNREACHABLE_CODE = YES;
				CLANG_WARN__DUPLICATE_METHOD_MATCH = YES;
				COPY_PHASE_STRIP = NO;
				DEBUG_INFORMATION_FORMAT = dwarf;
				ENABLE_STRICT_OBJC_MSGSEND = YES;
				ENABLE_TESTABILITY = YES;
				ENABLE_USER_SCRIPT_SANDBOXING = YES;
				GCC_C_LANGUAGE_STANDARD = gnu17;
				GCC_DYNAMIC_NO_PIC = NO;
				GCC_NO_COMMON_BLOCKS = YES;
				GCC_OPTIMIZATION_LEVEL = 0;
				GCC_PREPROCESSOR_DEFINITIONS = (
					"DEBUG=1",
					"$(inherited)",
				);
				GCC_WARN_64_TO_32_BIT_CONVERSION = YES;
				GCC_WARN_ABOUT_RETURN_TYPE = YES_ERROR;
				GCC_WARN_UNDECLARED_SELECTOR = YES;
				GCC_WARN_UNINITIALIZED_AUTOS = YES_AGGRESSIVE;
				GCC_WARN_UNUSED_FUNCTION = YES;
				GCC_WARN_UNUSED_VARIABLE = YES;
				IPHONEOS_DEPLOYMENT_TARGET = 17.2;
				LOCALIZATION_PREFERS_STRING_CATALOGS = YES;
				MTL_ENABLE_DEBUG_INFO = INCLUDE_SOURCE;
				MTL_FAST_MATH = YES;
				ONLY_ACTIVE_ARCH = YES;
				SDKROOT = iphoneos;
				SWIFT_ACTIVE_COMPILATION_CONDITIONS = "DEBUG $(inherited)";
				SWIFT_OPTIMIZATION_LEVEL = "-Onone";
			};
			name = Debug;
		};
		6DFD394D2B4732F5002006EE /* Release */ = {
			isa = XCBuildConfiguration;
			buildSettings = {
				ALWAYS_SEARCH_USER_PATHS = NO;
				ASSETCATALOG_COMPILER_GENERATE_SWIFT_ASSET_SYMBOL_EXTENSIONS = YES;
				CLANG_ANALYZER_NONNULL = YES;
				CLANG_ANALYZER_NUMBER_OBJECT_CONVERSION = YES_AGGRESSIVE;
				CLANG_CXX_LANGUAGE_STANDARD = "gnu++20";
				CLANG_ENABLE_MODULES = YES;
				CLANG_ENABLE_OBJC_ARC = YES;
				CLANG_ENABLE_OBJC_WEAK = YES;
				CLANG_WARN_BLOCK_CAPTURE_AUTORELEASING = YES;
				CLANG_WARN_BOOL_CONVERSION = YES;
				CLANG_WARN_COMMA = YES;
				CLANG_WARN_CONSTANT_CONVERSION = YES;
				CLANG_WARN_DEPRECATED_OBJC_IMPLEMENTATIONS = YES;
				CLANG_WARN_DIRECT_OBJC_ISA_USAGE = YES_ERROR;
				CLANG_WARN_DOCUMENTATION_COMMENTS = YES;
				CLANG_WARN_EMPTY_BODY = YES;
				CLANG_WARN_ENUM_CONVERSION = YES;
				CLANG_WARN_INFINITE_RECURSION = YES;
				CLANG_WARN_INT_CONVERSION = YES;
				CLANG_WARN_NON_LITERAL_NULL_CONVERSION = YES;
				CLANG_WARN_OBJC_IMPLICIT_RETAIN_SELF = YES;
				CLANG_WARN_OBJC_LITERAL_CONVERSION = YES;
				CLANG_WARN_OBJC_ROOT_CLASS = YES_ERROR;
				CLANG_WARN_QUOTED_INCLUDE_IN_FRAMEWORK_HEADER = YES;
				CLANG_WARN_RANGE_LOOP_ANALYSIS = YES;
				CLANG_WARN_STRICT_PROTOTYPES = YES;
				CLANG_WARN_SUSPICIOUS_MOVE = YES;
				CLANG_WARN_UNGUARDED_AVAILABILITY = YES_AGGRESSIVE;
				CLANG_WARN_UNREACHABLE_CODE = YES;
				CLANG_WARN__DUPLICATE_METHOD_MATCH = YES;
				COPY_PHASE_STRIP = NO;
				DEBUG_INFORMATION_FORMAT = "dwarf-with-dsym";
				ENABLE_NS_ASSERTIONS = NO;
				ENABLE_STRICT_OBJC_MSGSEND = YES;
				ENABLE_USER_SCRIPT_SANDBOXING = YES;
				GCC_C_LANGUAGE_STANDARD = gnu17;
				GCC_NO_COMMON_BLOCKS = YES;
				GCC_WARN_64_TO_32_BIT_CONVERSION = YES;
				GCC_WARN_ABOUT_RETURN_TYPE = YES_ERROR;
				GCC_WARN_UNDECLARED_SELECTOR = YES;
				GCC_WARN_UNINITIALIZED_AUTOS = YES_AGGRESSIVE;
				GCC_WARN_UNUSED_FUNCTION = YES;
				GCC_WARN_UNUSED_VARIABLE = YES;
				IPHONEOS_DEPLOYMENT_TARGET = 17.2;
				LOCALIZATION_PREFERS_STRING_CATALOGS = YES;
				MTL_ENABLE_DEBUG_INFO = NO;
				MTL_FAST_MATH = YES;
				SDKROOT = iphoneos;
				SWIFT_COMPILATION_MODE = wholemodule;
				VALIDATE_PRODUCT = YES;
			};
			name = Release;
		};
		6DFD394F2B4732F5002006EE /* Debug */ = {
			isa = XCBuildConfiguration;
			buildSettings = {
				ASSETCATALOG_COMPILER_APPICON_NAME = AppIcon;
				ASSETCATALOG_COMPILER_GLOBAL_ACCENT_COLOR_NAME = AccentColor;
				CODE_SIGN_STYLE = Automatic;
				CURRENT_PROJECT_VERSION = 1;
				DEVELOPMENT_ASSET_PATHS = "\"PokeAPI/Preview Content\"";
				DEVELOPMENT_TEAM = BDJY23GUM8;
				ENABLE_PREVIEWS = YES;
				GENERATE_INFOPLIST_FILE = YES;
				INFOPLIST_KEY_UIApplicationSceneManifest_Generation = YES;
				INFOPLIST_KEY_UIApplicationSupportsIndirectInputEvents = YES;
				INFOPLIST_KEY_UILaunchScreen_Generation = YES;
				INFOPLIST_KEY_UISupportedInterfaceOrientations_iPad = "UIInterfaceOrientationPortrait UIInterfaceOrientationPortraitUpsideDown UIInterfaceOrientationLandscapeLeft UIInterfaceOrientationLandscapeRight";
				INFOPLIST_KEY_UISupportedInterfaceOrientations_iPhone = "UIInterfaceOrientationPortrait UIInterfaceOrientationLandscapeLeft UIInterfaceOrientationLandscapeRight";
				LD_RUNPATH_SEARCH_PATHS = (
					"$(inherited)",
					"@executable_path/Frameworks",
				);
				MARKETING_VERSION = 1.0;
				PRODUCT_BUNDLE_IDENTIFIER = com.edguitian.PokeAPI;
				PRODUCT_NAME = "$(TARGET_NAME)";
				SWIFT_EMIT_LOC_STRINGS = YES;
				SWIFT_VERSION = 5.0;
				TARGETED_DEVICE_FAMILY = "1,2";
			};
			name = Debug;
		};
		6DFD39502B4732F5002006EE /* Release */ = {
			isa = XCBuildConfiguration;
			buildSettings = {
				ASSETCATALOG_COMPILER_APPICON_NAME = AppIcon;
				ASSETCATALOG_COMPILER_GLOBAL_ACCENT_COLOR_NAME = AccentColor;
				CODE_SIGN_STYLE = Automatic;
				CURRENT_PROJECT_VERSION = 1;
				DEVELOPMENT_ASSET_PATHS = "\"PokeAPI/Preview Content\"";
				DEVELOPMENT_TEAM = BDJY23GUM8;
				ENABLE_PREVIEWS = YES;
				GENERATE_INFOPLIST_FILE = YES;
				INFOPLIST_KEY_UIApplicationSceneManifest_Generation = YES;
				INFOPLIST_KEY_UIApplicationSupportsIndirectInputEvents = YES;
				INFOPLIST_KEY_UILaunchScreen_Generation = YES;
				INFOPLIST_KEY_UISupportedInterfaceOrientations_iPad = "UIInterfaceOrientationPortrait UIInterfaceOrientationPortraitUpsideDown UIInterfaceOrientationLandscapeLeft UIInterfaceOrientationLandscapeRight";
				INFOPLIST_KEY_UISupportedInterfaceOrientations_iPhone = "UIInterfaceOrientationPortrait UIInterfaceOrientationLandscapeLeft UIInterfaceOrientationLandscapeRight";
				LD_RUNPATH_SEARCH_PATHS = (
					"$(inherited)",
					"@executable_path/Frameworks",
				);
				MARKETING_VERSION = 1.0;
				PRODUCT_BUNDLE_IDENTIFIER = com.edguitian.PokeAPI;
				PRODUCT_NAME = "$(TARGET_NAME)";
				SWIFT_EMIT_LOC_STRINGS = YES;
				SWIFT_VERSION = 5.0;
				TARGETED_DEVICE_FAMILY = "1,2";
			};
			name = Release;
		};
/* End XCBuildConfiguration section */

/* Begin XCConfigurationList section */
		6D3712052B4C2D3100239114 /* Build configuration list for PBXNativeTarget "PokeAPIUITests" */ = {
			isa = XCConfigurationList;
			buildConfigurations = (
				6D3712062B4C2D3100239114 /* Debug */,
				6D3712072B4C2D3100239114 /* Release */,
			);
			defaultConfigurationIsVisible = 0;
			defaultConfigurationName = Release;
		};
		6D765BCB2B4BBBE9007769C1 /* Build configuration list for PBXNativeTarget "PokeAPITests" */ = {
			isa = XCConfigurationList;
			buildConfigurations = (
				6D765BCC2B4BBBE9007769C1 /* Debug */,
				6D765BCD2B4BBBE9007769C1 /* Release */,
			);
			defaultConfigurationIsVisible = 0;
			defaultConfigurationName = Release;
		};
		6DFD393B2B4732F5002006EE /* Build configuration list for PBXProject "PokeAPI" */ = {
			isa = XCConfigurationList;
			buildConfigurations = (
				6DFD394C2B4732F5002006EE /* Debug */,
				6DFD394D2B4732F5002006EE /* Release */,
			);
			defaultConfigurationIsVisible = 0;
			defaultConfigurationName = Release;
		};
		6DFD394E2B4732F5002006EE /* Build configuration list for PBXNativeTarget "PokeAPI" */ = {
			isa = XCConfigurationList;
			buildConfigurations = (
				6DFD394F2B4732F5002006EE /* Debug */,
				6DFD39502B4732F5002006EE /* Release */,
			);
			defaultConfigurationIsVisible = 0;
			defaultConfigurationName = Release;
		};
/* End XCConfigurationList section */

/* Begin XCRemoteSwiftPackageReference section */
		6DC26FC32B4EB9FB0093C04E /* XCRemoteSwiftPackageReference "SwiftLint" */ = {
			isa = XCRemoteSwiftPackageReference;
			repositoryURL = "https://github.com/realm/SwiftLint";
			requirement = {
				kind = upToNextMajorVersion;
				minimumVersion = 0.54.0;
			};
		};
/* End XCRemoteSwiftPackageReference section */

/* Begin XCSwiftPackageProductDependency section */
		6DBF85982B513A1400315358 /* SwiftLintPlugin */ = {
			isa = XCSwiftPackageProductDependency;
			package = 6DC26FC32B4EB9FB0093C04E /* XCRemoteSwiftPackageReference "SwiftLint" */;
			productName = "plugin:SwiftLintPlugin";
		};
		6DBF859A2B513A8700315358 /* SwiftLintPlugin */ = {
			isa = XCSwiftPackageProductDependency;
			package = 6DC26FC32B4EB9FB0093C04E /* XCRemoteSwiftPackageReference "SwiftLint" */;
			productName = "plugin:SwiftLintPlugin";
		};
		6DC26FC52B4EBA330093C04E /* SwiftLintPlugin */ = {
			isa = XCSwiftPackageProductDependency;
			package = 6DC26FC32B4EB9FB0093C04E /* XCRemoteSwiftPackageReference "SwiftLint" */;
			productName = "plugin:SwiftLintPlugin";
		};
/* End XCSwiftPackageProductDependency section */
	};
	rootObject = 6DFD39382B4732F5002006EE /* Project object */;
}
